// !$*UTF8*$!
{
	archiveVersion = 1;
	classes = {
	};
	objectVersion = 55;
	objects = {

/* Begin PBXBuildFile section */
		D99838FD293241E100D9AAA9 /* BestOfferCollectionViewCell.swift in Sources */ = {isa = PBXBuildFile; fileRef = D99838FB293241E100D9AAA9 /* BestOfferCollectionViewCell.swift */; };
		D99838FE293241E100D9AAA9 /* BestOfferCollectionViewCell.xib in Resources */ = {isa = PBXBuildFile; fileRef = D99838FC293241E100D9AAA9 /* BestOfferCollectionViewCell.xib */; };
		D99839022932423A00D9AAA9 /* SuggestCollectionViewCell.swift in Sources */ = {isa = PBXBuildFile; fileRef = D99839002932423A00D9AAA9 /* SuggestCollectionViewCell.swift */; };
		D99839032932423A00D9AAA9 /* SuggestCollectionViewCell.xib in Resources */ = {isa = PBXBuildFile; fileRef = D99839012932423A00D9AAA9 /* SuggestCollectionViewCell.xib */; };
		D9983906293245C400D9AAA9 /* UICollectionView+RegisterCell.swift in Sources */ = {isa = PBXBuildFile; fileRef = D9983905293245C400D9AAA9 /* UICollectionView+RegisterCell.swift */; };
		D99839082932461900D9AAA9 /* UICollectionViewCell.swift in Sources */ = {isa = PBXBuildFile; fileRef = D99839072932461900D9AAA9 /* UICollectionViewCell.swift */; };
		D998390C29325AE000D9AAA9 /* TravelCollectionViewCell.swift in Sources */ = {isa = PBXBuildFile; fileRef = D998390A29325AE000D9AAA9 /* TravelCollectionViewCell.swift */; };
		D998390D29325AE000D9AAA9 /* TravelCollectionViewCell.xib in Resources */ = {isa = PBXBuildFile; fileRef = D998390B29325AE000D9AAA9 /* TravelCollectionViewCell.xib */; };
		D99AAACB292E55F200D285DE /* AppDelegate.swift in Sources */ = {isa = PBXBuildFile; fileRef = D99AAACA292E55F200D285DE /* AppDelegate.swift */; };
		D99AAACD292E55F200D285DE /* SceneDelegate.swift in Sources */ = {isa = PBXBuildFile; fileRef = D99AAACC292E55F200D285DE /* SceneDelegate.swift */; };
		D99AAACF292E55F200D285DE /* ViewController.swift in Sources */ = {isa = PBXBuildFile; fileRef = D99AAACE292E55F200D285DE /* ViewController.swift */; };
		D99AAAD4292E55F400D285DE /* Assets.xcassets in Resources */ = {isa = PBXBuildFile; fileRef = D99AAAD3292E55F400D285DE /* Assets.xcassets */; };
		D99AAAD7292E55F400D285DE /* LaunchScreen.storyboard in Resources */ = {isa = PBXBuildFile; fileRef = D99AAAD5292E55F400D285DE /* LaunchScreen.storyboard */; };
		D99D7FB92931F16C0065079F /* HomePresenter.swift in Sources */ = {isa = PBXBuildFile; fileRef = D99D7FB32931F16C0065079F /* HomePresenter.swift */; };
		D99D7FBA2931F16C0065079F /* HomeWorker.swift in Sources */ = {isa = PBXBuildFile; fileRef = D99D7FB42931F16C0065079F /* HomeWorker.swift */; };
		D99D7FBB2931F16C0065079F /* HomeRouter.swift in Sources */ = {isa = PBXBuildFile; fileRef = D99D7FB52931F16C0065079F /* HomeRouter.swift */; };
		D99D7FBC2931F16C0065079F /* HomeModels.swift in Sources */ = {isa = PBXBuildFile; fileRef = D99D7FB62931F16C0065079F /* HomeModels.swift */; };
		D99D7FBD2931F16C0065079F /* HomeViewController.swift in Sources */ = {isa = PBXBuildFile; fileRef = D99D7FB72931F16C0065079F /* HomeViewController.swift */; };
		D99D7FBE2931F16C0065079F /* HomeInteractor.swift in Sources */ = {isa = PBXBuildFile; fileRef = D99D7FB82931F16C0065079F /* HomeInteractor.swift */; };
		D99D7FC02931F1C80065079F /* Home.storyboard in Resources */ = {isa = PBXBuildFile; fileRef = D99D7FBF2931F1C80065079F /* Home.storyboard */; };
		D99D7FC82931F3900065079F /* BlankPresenter.swift in Sources */ = {isa = PBXBuildFile; fileRef = D99D7FC22931F3900065079F /* BlankPresenter.swift */; };
		D99D7FC92931F3900065079F /* BlankWorker.swift in Sources */ = {isa = PBXBuildFile; fileRef = D99D7FC32931F3900065079F /* BlankWorker.swift */; };
		D99D7FCA2931F3900065079F /* BlankRouter.swift in Sources */ = {isa = PBXBuildFile; fileRef = D99D7FC42931F3900065079F /* BlankRouter.swift */; };
		D99D7FCB2931F3900065079F /* BlankModels.swift in Sources */ = {isa = PBXBuildFile; fileRef = D99D7FC52931F3900065079F /* BlankModels.swift */; };
		D99D7FCC2931F3900065079F /* BlankViewController.swift in Sources */ = {isa = PBXBuildFile; fileRef = D99D7FC62931F3900065079F /* BlankViewController.swift */; };
		D99D7FCD2931F3900065079F /* BlankInteractor.swift in Sources */ = {isa = PBXBuildFile; fileRef = D99D7FC72931F3900065079F /* BlankInteractor.swift */; };
		D99D7FCF2931F39A0065079F /* Blank.storyboard in Resources */ = {isa = PBXBuildFile; fileRef = D99D7FCE2931F39A0065079F /* Blank.storyboard */; };
		D99D7FE32931F69C0065079F /* Kanit-ExtraLight.ttf in Resources */ = {isa = PBXBuildFile; fileRef = D99D7FD12931F69C0065079F /* Kanit-ExtraLight.ttf */; };
		D99D7FE42931F69C0065079F /* Kanit-ThinItalic.ttf in Resources */ = {isa = PBXBuildFile; fileRef = D99D7FD22931F69C0065079F /* Kanit-ThinItalic.ttf */; };
		D99D7FE52931F69C0065079F /* Kanit-BoldItalic.ttf in Resources */ = {isa = PBXBuildFile; fileRef = D99D7FD32931F69C0065079F /* Kanit-BoldItalic.ttf */; };
		D99D7FE62931F69C0065079F /* Kanit-SemiBold.ttf in Resources */ = {isa = PBXBuildFile; fileRef = D99D7FD42931F69C0065079F /* Kanit-SemiBold.ttf */; };
		D99D7FE82931F69C0065079F /* Kanit-Regular.ttf in Resources */ = {isa = PBXBuildFile; fileRef = D99D7FD62931F69C0065079F /* Kanit-Regular.ttf */; };
		D99D7FE92931F69C0065079F /* Kanit-Italic.ttf in Resources */ = {isa = PBXBuildFile; fileRef = D99D7FD72931F69C0065079F /* Kanit-Italic.ttf */; };
		D99D7FEA2931F69C0065079F /* Kanit-MediumItalic.ttf in Resources */ = {isa = PBXBuildFile; fileRef = D99D7FD82931F69C0065079F /* Kanit-MediumItalic.ttf */; };
		D99D7FEB2931F69C0065079F /* Kanit-Thin.ttf in Resources */ = {isa = PBXBuildFile; fileRef = D99D7FD92931F69C0065079F /* Kanit-Thin.ttf */; };
		D99D7FEC2931F69C0065079F /* Kanit-ExtraBoldItalic.ttf in Resources */ = {isa = PBXBuildFile; fileRef = D99D7FDA2931F69C0065079F /* Kanit-ExtraBoldItalic.ttf */; };
		D99D7FED2931F69C0065079F /* Kanit-ExtraBold.ttf in Resources */ = {isa = PBXBuildFile; fileRef = D99D7FDB2931F69C0065079F /* Kanit-ExtraBold.ttf */; };
		D99D7FEE2931F69C0065079F /* Kanit-Bold.ttf in Resources */ = {isa = PBXBuildFile; fileRef = D99D7FDC2931F69C0065079F /* Kanit-Bold.ttf */; };
		D99D7FEF2931F69C0065079F /* Kanit-SemiBoldItalic.ttf in Resources */ = {isa = PBXBuildFile; fileRef = D99D7FDD2931F69C0065079F /* Kanit-SemiBoldItalic.ttf */; };
		D99D7FF02931F69C0065079F /* Kanit-BlackItalic.ttf in Resources */ = {isa = PBXBuildFile; fileRef = D99D7FDE2931F69C0065079F /* Kanit-BlackItalic.ttf */; };
		D99D7FF12931F69C0065079F /* Kanit-Light.ttf in Resources */ = {isa = PBXBuildFile; fileRef = D99D7FDF2931F69C0065079F /* Kanit-Light.ttf */; };
		D99D7FF22931F69C0065079F /* Kanit-LightItalic.ttf in Resources */ = {isa = PBXBuildFile; fileRef = D99D7FE02931F69C0065079F /* Kanit-LightItalic.ttf */; };
		D99D7FF32931F69C0065079F /* Kanit-ExtraLightItalic.ttf in Resources */ = {isa = PBXBuildFile; fileRef = D99D7FE12931F69C0065079F /* Kanit-ExtraLightItalic.ttf */; };
		D99D7FF42931F69C0065079F /* Kanit-Medium.ttf in Resources */ = {isa = PBXBuildFile; fileRef = D99D7FE22931F69C0065079F /* Kanit-Medium.ttf */; };
		D99D7FFC2931F8FC0065079F /* AchievementPresenter.swift in Sources */ = {isa = PBXBuildFile; fileRef = D99D7FF62931F8FC0065079F /* AchievementPresenter.swift */; };
		D99D7FFD2931F8FC0065079F /* AchievementWorker.swift in Sources */ = {isa = PBXBuildFile; fileRef = D99D7FF72931F8FC0065079F /* AchievementWorker.swift */; };
		D99D7FFE2931F8FC0065079F /* AchievementRouter.swift in Sources */ = {isa = PBXBuildFile; fileRef = D99D7FF82931F8FC0065079F /* AchievementRouter.swift */; };
		D99D7FFF2931F8FC0065079F /* AchievementModels.swift in Sources */ = {isa = PBXBuildFile; fileRef = D99D7FF92931F8FC0065079F /* AchievementModels.swift */; };
		D99D80002931F8FC0065079F /* AchievementViewController.swift in Sources */ = {isa = PBXBuildFile; fileRef = D99D7FFA2931F8FC0065079F /* AchievementViewController.swift */; };
		D99D80012931F8FC0065079F /* AchievementInteractor.swift in Sources */ = {isa = PBXBuildFile; fileRef = D99D7FFB2931F8FC0065079F /* AchievementInteractor.swift */; };
		D99D80032931F9100065079F /* Achievement.storyboard in Resources */ = {isa = PBXBuildFile; fileRef = D99D80022931F9100065079F /* Achievement.storyboard */; };
		D99D8008293204720065079F /* DeviceAutosizeTextField.swift in Sources */ = {isa = PBXBuildFile; fileRef = D99D8005293204710065079F /* DeviceAutosizeTextField.swift */; };
		D99D8009293204720065079F /* DeviceAutosizeButton.swift in Sources */ = {isa = PBXBuildFile; fileRef = D99D8006293204720065079F /* DeviceAutosizeButton.swift */; };
		D99D800A293204720065079F /* DeviceAutosizeLabel.swift in Sources */ = {isa = PBXBuildFile; fileRef = D99D8007293204720065079F /* DeviceAutosizeLabel.swift */; };
		D99D800E29320A5C0065079F /* DeviceSize.swift in Sources */ = {isa = PBXBuildFile; fileRef = D99D800D29320A5C0065079F /* DeviceSize.swift */; };
		D99D801729320A8D0065079F /* HyperLabelPresenter.swift in Sources */ = {isa = PBXBuildFile; fileRef = D99D801029320A8C0065079F /* HyperLabelPresenter.swift */; };
		D99D801829320A8D0065079F /* LinkAccessibilityElement.swift in Sources */ = {isa = PBXBuildFile; fileRef = D99D801129320A8C0065079F /* LinkAccessibilityElement.swift */; };
		D99D801929320A8D0065079F /* RangeMap.swift in Sources */ = {isa = PBXBuildFile; fileRef = D99D801229320A8C0065079F /* RangeMap.swift */; };
		D99D801A29320A8D0065079F /* HyperLabelTextStyler.swift in Sources */ = {isa = PBXBuildFile; fileRef = D99D801329320A8C0065079F /* HyperLabelTextStyler.swift */; };
		D99D801B29320A8D0065079F /* TextContainerData.swift in Sources */ = {isa = PBXBuildFile; fileRef = D99D801429320A8D0065079F /* TextContainerData.swift */; };
		D99D801C29320A8D0065079F /* HyperLabelProtocol.swift in Sources */ = {isa = PBXBuildFile; fileRef = D99D801529320A8D0065079F /* HyperLabelProtocol.swift */; };
		D99D801D29320A8D0065079F /* TextLayoutInfoProvider.swift in Sources */ = {isa = PBXBuildFile; fileRef = D99D801629320A8D0065079F /* TextLayoutInfoProvider.swift */; };
		D9ABA3BF292E66F2002619A1 /* MainTabBarViewController.swift in Sources */ = {isa = PBXBuildFile; fileRef = D9ABA3BD292E66F2002619A1 /* MainTabBarViewController.swift */; };
		D9ABA3C0292E66F2002619A1 /* MainTabBar.storyboard in Resources */ = {isa = PBXBuildFile; fileRef = D9ABA3BE292E66F2002619A1 /* MainTabBar.storyboard */; };
		D9ABA411292E6780002619A1 /* UIFont+Kanit.swift in Sources */ = {isa = PBXBuildFile; fileRef = D9ABA410292E6780002619A1 /* UIFont+Kanit.swift */; };
		D9ABA433292E6873002619A1 /* BaseViewController.swift in Sources */ = {isa = PBXBuildFile; fileRef = D9ABA423292E6873002619A1 /* BaseViewController.swift */; };
		D9ABA434292E6873002619A1 /* BaseInteractor.swift in Sources */ = {isa = PBXBuildFile; fileRef = D9ABA424292E6873002619A1 /* BaseInteractor.swift */; };
		D9ABA435292E6873002619A1 /* BaseWorker.swift in Sources */ = {isa = PBXBuildFile; fileRef = D9ABA425292E6873002619A1 /* BaseWorker.swift */; };
		D9ABA436292E6873002619A1 /* BasePresenter.swift in Sources */ = {isa = PBXBuildFile; fileRef = D9ABA426292E6873002619A1 /* BasePresenter.swift */; };
		D9ABA437292E6873002619A1 /* BaseRouter.swift in Sources */ = {isa = PBXBuildFile; fileRef = D9ABA427292E6873002619A1 /* BaseRouter.swift */; };
		D9ABA438292E6873002619A1 /* BaseViewModels.swift in Sources */ = {isa = PBXBuildFile; fileRef = D9ABA428292E6873002619A1 /* BaseViewModels.swift */; };
		D9ABA440292E6C6D002619A1 /* SplashPresenter.swift in Sources */ = {isa = PBXBuildFile; fileRef = D9ABA43A292E6C6D002619A1 /* SplashPresenter.swift */; };
		D9ABA441292E6C6D002619A1 /* SplashWorker.swift in Sources */ = {isa = PBXBuildFile; fileRef = D9ABA43B292E6C6D002619A1 /* SplashWorker.swift */; };
		D9ABA442292E6C6D002619A1 /* SplashRouter.swift in Sources */ = {isa = PBXBuildFile; fileRef = D9ABA43C292E6C6D002619A1 /* SplashRouter.swift */; };
		D9ABA443292E6C6D002619A1 /* SplashModels.swift in Sources */ = {isa = PBXBuildFile; fileRef = D9ABA43D292E6C6D002619A1 /* SplashModels.swift */; };
		D9ABA444292E6C6D002619A1 /* SplashViewController.swift in Sources */ = {isa = PBXBuildFile; fileRef = D9ABA43E292E6C6D002619A1 /* SplashViewController.swift */; };
		D9ABA445292E6C6D002619A1 /* SplashInteractor.swift in Sources */ = {isa = PBXBuildFile; fileRef = D9ABA43F292E6C6D002619A1 /* SplashInteractor.swift */; };
		D9ABA447292E6C81002619A1 /* Splash.storyboard in Resources */ = {isa = PBXBuildFile; fileRef = D9ABA446292E6C81002619A1 /* Splash.storyboard */; };
		D9ABA449292E7701002619A1 /* ViewExtension.swift in Sources */ = {isa = PBXBuildFile; fileRef = D9ABA448292E7701002619A1 /* ViewExtension.swift */; };
		D9ABA44B292E7738002619A1 /* UINavigationController.swift in Sources */ = {isa = PBXBuildFile; fileRef = D9ABA44A292E7738002619A1 /* UINavigationController.swift */; };
		D9EAE97529334E9400059230 /* AchievementCollectionViewCell.swift in Sources */ = {isa = PBXBuildFile; fileRef = D9EAE97329334E9400059230 /* AchievementCollectionViewCell.swift */; };
		D9EAE97629334E9400059230 /* AchievementCollectionViewCell.xib in Resources */ = {isa = PBXBuildFile; fileRef = D9EAE97429334E9400059230 /* AchievementCollectionViewCell.xib */; };
		D9EAE97729334F3300059230 /* Kanit-Black.ttf in Resources */ = {isa = PBXBuildFile; fileRef = D99D7FD52931F69C0065079F /* Kanit-Black.ttf */; };
		D9EAE97F293356EA00059230 /* GoalPresenter.swift in Sources */ = {isa = PBXBuildFile; fileRef = D9EAE979293356EA00059230 /* GoalPresenter.swift */; };
		D9EAE980293356EA00059230 /* GoalWorker.swift in Sources */ = {isa = PBXBuildFile; fileRef = D9EAE97A293356EA00059230 /* GoalWorker.swift */; };
		D9EAE981293356EA00059230 /* GoalRouter.swift in Sources */ = {isa = PBXBuildFile; fileRef = D9EAE97B293356EA00059230 /* GoalRouter.swift */; };
		D9EAE982293356EA00059230 /* GoalModels.swift in Sources */ = {isa = PBXBuildFile; fileRef = D9EAE97C293356EA00059230 /* GoalModels.swift */; };
		D9EAE983293356EA00059230 /* GoalViewController.swift in Sources */ = {isa = PBXBuildFile; fileRef = D9EAE97D293356EA00059230 /* GoalViewController.swift */; };
		D9EAE984293356EA00059230 /* GoalInteractor.swift in Sources */ = {isa = PBXBuildFile; fileRef = D9EAE97E293356EA00059230 /* GoalInteractor.swift */; };
		D9EAE986293356F400059230 /* Goal.storyboard in Resources */ = {isa = PBXBuildFile; fileRef = D9EAE985293356F400059230 /* Goal.storyboard */; };
		D9EAE98A2933B03500059230 /* GoalCollectionViewCell.swift in Sources */ = {isa = PBXBuildFile; fileRef = D9EAE9882933B03500059230 /* GoalCollectionViewCell.swift */; };
		D9EAE98B2933B03500059230 /* GoalCollectionViewCell.xib in Resources */ = {isa = PBXBuildFile; fileRef = D9EAE9892933B03500059230 /* GoalCollectionViewCell.xib */; };
/* End PBXBuildFile section */

/* Begin PBXFileReference section */
		D99838FB293241E100D9AAA9 /* BestOfferCollectionViewCell.swift */ = {isa = PBXFileReference; lastKnownFileType = sourcecode.swift; path = BestOfferCollectionViewCell.swift; sourceTree = "<group>"; };
		D99838FC293241E100D9AAA9 /* BestOfferCollectionViewCell.xib */ = {isa = PBXFileReference; lastKnownFileType = file.xib; path = BestOfferCollectionViewCell.xib; sourceTree = "<group>"; };
		D99839002932423A00D9AAA9 /* SuggestCollectionViewCell.swift */ = {isa = PBXFileReference; lastKnownFileType = sourcecode.swift; path = SuggestCollectionViewCell.swift; sourceTree = "<group>"; };
		D99839012932423A00D9AAA9 /* SuggestCollectionViewCell.xib */ = {isa = PBXFileReference; lastKnownFileType = file.xib; path = SuggestCollectionViewCell.xib; sourceTree = "<group>"; };
		D9983905293245C400D9AAA9 /* UICollectionView+RegisterCell.swift */ = {isa = PBXFileReference; fileEncoding = 4; lastKnownFileType = sourcecode.swift; path = "UICollectionView+RegisterCell.swift"; sourceTree = "<group>"; };
		D99839072932461900D9AAA9 /* UICollectionViewCell.swift */ = {isa = PBXFileReference; fileEncoding = 4; lastKnownFileType = sourcecode.swift; path = UICollectionViewCell.swift; sourceTree = "<group>"; };
		D998390A29325AE000D9AAA9 /* TravelCollectionViewCell.swift */ = {isa = PBXFileReference; lastKnownFileType = sourcecode.swift; path = TravelCollectionViewCell.swift; sourceTree = "<group>"; };
		D998390B29325AE000D9AAA9 /* TravelCollectionViewCell.xib */ = {isa = PBXFileReference; lastKnownFileType = file.xib; path = TravelCollectionViewCell.xib; sourceTree = "<group>"; };
		D99AAAC7292E55F200D285DE /* Proxumer.app */ = {isa = PBXFileReference; explicitFileType = wrapper.application; includeInIndex = 0; path = Proxumer.app; sourceTree = BUILT_PRODUCTS_DIR; };
		D99AAACA292E55F200D285DE /* AppDelegate.swift */ = {isa = PBXFileReference; lastKnownFileType = sourcecode.swift; path = AppDelegate.swift; sourceTree = "<group>"; };
		D99AAACC292E55F200D285DE /* SceneDelegate.swift */ = {isa = PBXFileReference; lastKnownFileType = sourcecode.swift; path = SceneDelegate.swift; sourceTree = "<group>"; };
		D99AAACE292E55F200D285DE /* ViewController.swift */ = {isa = PBXFileReference; lastKnownFileType = sourcecode.swift; path = ViewController.swift; sourceTree = "<group>"; };
		D99AAAD3292E55F400D285DE /* Assets.xcassets */ = {isa = PBXFileReference; lastKnownFileType = folder.assetcatalog; path = Assets.xcassets; sourceTree = "<group>"; };
		D99AAAD6292E55F400D285DE /* Base */ = {isa = PBXFileReference; lastKnownFileType = file.storyboard; name = Base; path = Base.lproj/LaunchScreen.storyboard; sourceTree = "<group>"; };
		D99AAAD8292E55F400D285DE /* Info.plist */ = {isa = PBXFileReference; lastKnownFileType = text.plist.xml; path = Info.plist; sourceTree = "<group>"; };
		D99D7FB32931F16C0065079F /* HomePresenter.swift */ = {isa = PBXFileReference; lastKnownFileType = sourcecode.swift; path = HomePresenter.swift; sourceTree = "<group>"; };
		D99D7FB42931F16C0065079F /* HomeWorker.swift */ = {isa = PBXFileReference; lastKnownFileType = sourcecode.swift; path = HomeWorker.swift; sourceTree = "<group>"; };
		D99D7FB52931F16C0065079F /* HomeRouter.swift */ = {isa = PBXFileReference; lastKnownFileType = sourcecode.swift; path = HomeRouter.swift; sourceTree = "<group>"; };
		D99D7FB62931F16C0065079F /* HomeModels.swift */ = {isa = PBXFileReference; lastKnownFileType = sourcecode.swift; path = HomeModels.swift; sourceTree = "<group>"; };
		D99D7FB72931F16C0065079F /* HomeViewController.swift */ = {isa = PBXFileReference; lastKnownFileType = sourcecode.swift; path = HomeViewController.swift; sourceTree = "<group>"; };
		D99D7FB82931F16C0065079F /* HomeInteractor.swift */ = {isa = PBXFileReference; lastKnownFileType = sourcecode.swift; path = HomeInteractor.swift; sourceTree = "<group>"; };
		D99D7FBF2931F1C80065079F /* Home.storyboard */ = {isa = PBXFileReference; lastKnownFileType = file.storyboard; path = Home.storyboard; sourceTree = "<group>"; };
		D99D7FC22931F3900065079F /* BlankPresenter.swift */ = {isa = PBXFileReference; lastKnownFileType = sourcecode.swift; path = BlankPresenter.swift; sourceTree = "<group>"; };
		D99D7FC32931F3900065079F /* BlankWorker.swift */ = {isa = PBXFileReference; lastKnownFileType = sourcecode.swift; path = BlankWorker.swift; sourceTree = "<group>"; };
		D99D7FC42931F3900065079F /* BlankRouter.swift */ = {isa = PBXFileReference; lastKnownFileType = sourcecode.swift; path = BlankRouter.swift; sourceTree = "<group>"; };
		D99D7FC52931F3900065079F /* BlankModels.swift */ = {isa = PBXFileReference; lastKnownFileType = sourcecode.swift; path = BlankModels.swift; sourceTree = "<group>"; };
		D99D7FC62931F3900065079F /* BlankViewController.swift */ = {isa = PBXFileReference; lastKnownFileType = sourcecode.swift; path = BlankViewController.swift; sourceTree = "<group>"; };
		D99D7FC72931F3900065079F /* BlankInteractor.swift */ = {isa = PBXFileReference; lastKnownFileType = sourcecode.swift; path = BlankInteractor.swift; sourceTree = "<group>"; };
		D99D7FCE2931F39A0065079F /* Blank.storyboard */ = {isa = PBXFileReference; lastKnownFileType = file.storyboard; path = Blank.storyboard; sourceTree = "<group>"; };
		D99D7FD12931F69C0065079F /* Kanit-ExtraLight.ttf */ = {isa = PBXFileReference; lastKnownFileType = file; path = "Kanit-ExtraLight.ttf"; sourceTree = "<group>"; };
		D99D7FD22931F69C0065079F /* Kanit-ThinItalic.ttf */ = {isa = PBXFileReference; lastKnownFileType = file; path = "Kanit-ThinItalic.ttf"; sourceTree = "<group>"; };
		D99D7FD32931F69C0065079F /* Kanit-BoldItalic.ttf */ = {isa = PBXFileReference; lastKnownFileType = file; path = "Kanit-BoldItalic.ttf"; sourceTree = "<group>"; };
		D99D7FD42931F69C0065079F /* Kanit-SemiBold.ttf */ = {isa = PBXFileReference; lastKnownFileType = file; path = "Kanit-SemiBold.ttf"; sourceTree = "<group>"; };
		D99D7FD52931F69C0065079F /* Kanit-Black.ttf */ = {isa = PBXFileReference; lastKnownFileType = file; path = "Kanit-Black.ttf"; sourceTree = "<group>"; };
		D99D7FD62931F69C0065079F /* Kanit-Regular.ttf */ = {isa = PBXFileReference; lastKnownFileType = file; path = "Kanit-Regular.ttf"; sourceTree = "<group>"; };
		D99D7FD72931F69C0065079F /* Kanit-Italic.ttf */ = {isa = PBXFileReference; lastKnownFileType = file; path = "Kanit-Italic.ttf"; sourceTree = "<group>"; };
		D99D7FD82931F69C0065079F /* Kanit-MediumItalic.ttf */ = {isa = PBXFileReference; lastKnownFileType = file; path = "Kanit-MediumItalic.ttf"; sourceTree = "<group>"; };
		D99D7FD92931F69C0065079F /* Kanit-Thin.ttf */ = {isa = PBXFileReference; lastKnownFileType = file; path = "Kanit-Thin.ttf"; sourceTree = "<group>"; };
		D99D7FDA2931F69C0065079F /* Kanit-ExtraBoldItalic.ttf */ = {isa = PBXFileReference; lastKnownFileType = file; path = "Kanit-ExtraBoldItalic.ttf"; sourceTree = "<group>"; };
		D99D7FDB2931F69C0065079F /* Kanit-ExtraBold.ttf */ = {isa = PBXFileReference; lastKnownFileType = file; path = "Kanit-ExtraBold.ttf"; sourceTree = "<group>"; };
		D99D7FDC2931F69C0065079F /* Kanit-Bold.ttf */ = {isa = PBXFileReference; lastKnownFileType = file; path = "Kanit-Bold.ttf"; sourceTree = "<group>"; };
		D99D7FDD2931F69C0065079F /* Kanit-SemiBoldItalic.ttf */ = {isa = PBXFileReference; lastKnownFileType = file; path = "Kanit-SemiBoldItalic.ttf"; sourceTree = "<group>"; };
		D99D7FDE2931F69C0065079F /* Kanit-BlackItalic.ttf */ = {isa = PBXFileReference; lastKnownFileType = file; path = "Kanit-BlackItalic.ttf"; sourceTree = "<group>"; };
		D99D7FDF2931F69C0065079F /* Kanit-Light.ttf */ = {isa = PBXFileReference; lastKnownFileType = file; path = "Kanit-Light.ttf"; sourceTree = "<group>"; };
		D99D7FE02931F69C0065079F /* Kanit-LightItalic.ttf */ = {isa = PBXFileReference; lastKnownFileType = file; path = "Kanit-LightItalic.ttf"; sourceTree = "<group>"; };
		D99D7FE12931F69C0065079F /* Kanit-ExtraLightItalic.ttf */ = {isa = PBXFileReference; lastKnownFileType = file; path = "Kanit-ExtraLightItalic.ttf"; sourceTree = "<group>"; };
		D99D7FE22931F69C0065079F /* Kanit-Medium.ttf */ = {isa = PBXFileReference; lastKnownFileType = file; path = "Kanit-Medium.ttf"; sourceTree = "<group>"; };
		D99D7FF62931F8FC0065079F /* AchievementPresenter.swift */ = {isa = PBXFileReference; lastKnownFileType = sourcecode.swift; path = AchievementPresenter.swift; sourceTree = "<group>"; };
		D99D7FF72931F8FC0065079F /* AchievementWorker.swift */ = {isa = PBXFileReference; lastKnownFileType = sourcecode.swift; path = AchievementWorker.swift; sourceTree = "<group>"; };
		D99D7FF82931F8FC0065079F /* AchievementRouter.swift */ = {isa = PBXFileReference; lastKnownFileType = sourcecode.swift; path = AchievementRouter.swift; sourceTree = "<group>"; };
		D99D7FF92931F8FC0065079F /* AchievementModels.swift */ = {isa = PBXFileReference; lastKnownFileType = sourcecode.swift; path = AchievementModels.swift; sourceTree = "<group>"; };
		D99D7FFA2931F8FC0065079F /* AchievementViewController.swift */ = {isa = PBXFileReference; lastKnownFileType = sourcecode.swift; path = AchievementViewController.swift; sourceTree = "<group>"; };
		D99D7FFB2931F8FC0065079F /* AchievementInteractor.swift */ = {isa = PBXFileReference; lastKnownFileType = sourcecode.swift; path = AchievementInteractor.swift; sourceTree = "<group>"; };
		D99D80022931F9100065079F /* Achievement.storyboard */ = {isa = PBXFileReference; lastKnownFileType = file.storyboard; path = Achievement.storyboard; sourceTree = "<group>"; };
		D99D8005293204710065079F /* DeviceAutosizeTextField.swift */ = {isa = PBXFileReference; fileEncoding = 4; lastKnownFileType = sourcecode.swift; path = DeviceAutosizeTextField.swift; sourceTree = "<group>"; };
		D99D8006293204720065079F /* DeviceAutosizeButton.swift */ = {isa = PBXFileReference; fileEncoding = 4; lastKnownFileType = sourcecode.swift; path = DeviceAutosizeButton.swift; sourceTree = "<group>"; };
		D99D8007293204720065079F /* DeviceAutosizeLabel.swift */ = {isa = PBXFileReference; fileEncoding = 4; lastKnownFileType = sourcecode.swift; path = DeviceAutosizeLabel.swift; sourceTree = "<group>"; };
		D99D800D29320A5C0065079F /* DeviceSize.swift */ = {isa = PBXFileReference; fileEncoding = 4; lastKnownFileType = sourcecode.swift; path = DeviceSize.swift; sourceTree = "<group>"; };
		D99D801029320A8C0065079F /* HyperLabelPresenter.swift */ = {isa = PBXFileReference; fileEncoding = 4; lastKnownFileType = sourcecode.swift; path = HyperLabelPresenter.swift; sourceTree = "<group>"; };
		D99D801129320A8C0065079F /* LinkAccessibilityElement.swift */ = {isa = PBXFileReference; fileEncoding = 4; lastKnownFileType = sourcecode.swift; path = LinkAccessibilityElement.swift; sourceTree = "<group>"; };
		D99D801229320A8C0065079F /* RangeMap.swift */ = {isa = PBXFileReference; fileEncoding = 4; lastKnownFileType = sourcecode.swift; path = RangeMap.swift; sourceTree = "<group>"; };
		D99D801329320A8C0065079F /* HyperLabelTextStyler.swift */ = {isa = PBXFileReference; fileEncoding = 4; lastKnownFileType = sourcecode.swift; path = HyperLabelTextStyler.swift; sourceTree = "<group>"; };
		D99D801429320A8D0065079F /* TextContainerData.swift */ = {isa = PBXFileReference; fileEncoding = 4; lastKnownFileType = sourcecode.swift; path = TextContainerData.swift; sourceTree = "<group>"; };
		D99D801529320A8D0065079F /* HyperLabelProtocol.swift */ = {isa = PBXFileReference; fileEncoding = 4; lastKnownFileType = sourcecode.swift; path = HyperLabelProtocol.swift; sourceTree = "<group>"; };
		D99D801629320A8D0065079F /* TextLayoutInfoProvider.swift */ = {isa = PBXFileReference; fileEncoding = 4; lastKnownFileType = sourcecode.swift; path = TextLayoutInfoProvider.swift; sourceTree = "<group>"; };
		D9ABA3BD292E66F2002619A1 /* MainTabBarViewController.swift */ = {isa = PBXFileReference; fileEncoding = 4; lastKnownFileType = sourcecode.swift; path = MainTabBarViewController.swift; sourceTree = "<group>"; };
		D9ABA3BE292E66F2002619A1 /* MainTabBar.storyboard */ = {isa = PBXFileReference; fileEncoding = 4; lastKnownFileType = file.storyboard; path = MainTabBar.storyboard; sourceTree = "<group>"; };
		D9ABA410292E6780002619A1 /* UIFont+Kanit.swift */ = {isa = PBXFileReference; fileEncoding = 4; lastKnownFileType = sourcecode.swift; path = "UIFont+Kanit.swift"; sourceTree = "<group>"; };
		D9ABA423292E6873002619A1 /* BaseViewController.swift */ = {isa = PBXFileReference; fileEncoding = 4; lastKnownFileType = sourcecode.swift; path = BaseViewController.swift; sourceTree = "<group>"; };
		D9ABA424292E6873002619A1 /* BaseInteractor.swift */ = {isa = PBXFileReference; fileEncoding = 4; lastKnownFileType = sourcecode.swift; path = BaseInteractor.swift; sourceTree = "<group>"; };
		D9ABA425292E6873002619A1 /* BaseWorker.swift */ = {isa = PBXFileReference; fileEncoding = 4; lastKnownFileType = sourcecode.swift; path = BaseWorker.swift; sourceTree = "<group>"; };
		D9ABA426292E6873002619A1 /* BasePresenter.swift */ = {isa = PBXFileReference; fileEncoding = 4; lastKnownFileType = sourcecode.swift; path = BasePresenter.swift; sourceTree = "<group>"; };
		D9ABA427292E6873002619A1 /* BaseRouter.swift */ = {isa = PBXFileReference; fileEncoding = 4; lastKnownFileType = sourcecode.swift; path = BaseRouter.swift; sourceTree = "<group>"; };
		D9ABA428292E6873002619A1 /* BaseViewModels.swift */ = {isa = PBXFileReference; fileEncoding = 4; lastKnownFileType = sourcecode.swift; path = BaseViewModels.swift; sourceTree = "<group>"; };
		D9ABA43A292E6C6D002619A1 /* SplashPresenter.swift */ = {isa = PBXFileReference; lastKnownFileType = sourcecode.swift; path = SplashPresenter.swift; sourceTree = "<group>"; };
		D9ABA43B292E6C6D002619A1 /* SplashWorker.swift */ = {isa = PBXFileReference; lastKnownFileType = sourcecode.swift; path = SplashWorker.swift; sourceTree = "<group>"; };
		D9ABA43C292E6C6D002619A1 /* SplashRouter.swift */ = {isa = PBXFileReference; lastKnownFileType = sourcecode.swift; path = SplashRouter.swift; sourceTree = "<group>"; };
		D9ABA43D292E6C6D002619A1 /* SplashModels.swift */ = {isa = PBXFileReference; lastKnownFileType = sourcecode.swift; path = SplashModels.swift; sourceTree = "<group>"; };
		D9ABA43E292E6C6D002619A1 /* SplashViewController.swift */ = {isa = PBXFileReference; lastKnownFileType = sourcecode.swift; path = SplashViewController.swift; sourceTree = "<group>"; };
		D9ABA43F292E6C6D002619A1 /* SplashInteractor.swift */ = {isa = PBXFileReference; lastKnownFileType = sourcecode.swift; path = SplashInteractor.swift; sourceTree = "<group>"; };
		D9ABA446292E6C81002619A1 /* Splash.storyboard */ = {isa = PBXFileReference; lastKnownFileType = file.storyboard; path = Splash.storyboard; sourceTree = "<group>"; };
		D9ABA448292E7701002619A1 /* ViewExtension.swift */ = {isa = PBXFileReference; fileEncoding = 4; lastKnownFileType = sourcecode.swift; path = ViewExtension.swift; sourceTree = "<group>"; };
		D9ABA44A292E7738002619A1 /* UINavigationController.swift */ = {isa = PBXFileReference; fileEncoding = 4; lastKnownFileType = sourcecode.swift; path = UINavigationController.swift; sourceTree = "<group>"; };
		D9EAE97329334E9400059230 /* AchievementCollectionViewCell.swift */ = {isa = PBXFileReference; lastKnownFileType = sourcecode.swift; path = AchievementCollectionViewCell.swift; sourceTree = "<group>"; };
		D9EAE97429334E9400059230 /* AchievementCollectionViewCell.xib */ = {isa = PBXFileReference; lastKnownFileType = file.xib; path = AchievementCollectionViewCell.xib; sourceTree = "<group>"; };
		D9EAE979293356EA00059230 /* GoalPresenter.swift */ = {isa = PBXFileReference; lastKnownFileType = sourcecode.swift; path = GoalPresenter.swift; sourceTree = "<group>"; };
		D9EAE97A293356EA00059230 /* GoalWorker.swift */ = {isa = PBXFileReference; lastKnownFileType = sourcecode.swift; path = GoalWorker.swift; sourceTree = "<group>"; };
		D9EAE97B293356EA00059230 /* GoalRouter.swift */ = {isa = PBXFileReference; lastKnownFileType = sourcecode.swift; path = GoalRouter.swift; sourceTree = "<group>"; };
		D9EAE97C293356EA00059230 /* GoalModels.swift */ = {isa = PBXFileReference; lastKnownFileType = sourcecode.swift; path = GoalModels.swift; sourceTree = "<group>"; };
		D9EAE97D293356EA00059230 /* GoalViewController.swift */ = {isa = PBXFileReference; lastKnownFileType = sourcecode.swift; path = GoalViewController.swift; sourceTree = "<group>"; };
		D9EAE97E293356EA00059230 /* GoalInteractor.swift */ = {isa = PBXFileReference; lastKnownFileType = sourcecode.swift; path = GoalInteractor.swift; sourceTree = "<group>"; };
		D9EAE985293356F400059230 /* Goal.storyboard */ = {isa = PBXFileReference; lastKnownFileType = file.storyboard; path = Goal.storyboard; sourceTree = "<group>"; };
		D9EAE9882933B03500059230 /* GoalCollectionViewCell.swift */ = {isa = PBXFileReference; lastKnownFileType = sourcecode.swift; path = GoalCollectionViewCell.swift; sourceTree = "<group>"; };
		D9EAE9892933B03500059230 /* GoalCollectionViewCell.xib */ = {isa = PBXFileReference; lastKnownFileType = file.xib; path = GoalCollectionViewCell.xib; sourceTree = "<group>"; };
/* End PBXFileReference section */

/* Begin PBXFrameworksBuildPhase section */
		D99AAAC4292E55F200D285DE /* Frameworks */ = {
			isa = PBXFrameworksBuildPhase;
			buildActionMask = 2147483647;
			files = (
			);
			runOnlyForDeploymentPostprocessing = 0;
		};
/* End PBXFrameworksBuildPhase section */

/* Begin PBXGroup section */
		D99838F9293240F200D9AAA9 /* Cell */ = {
			isa = PBXGroup;
			children = (
				D998390929325A4800D9AAA9 /* Travel */,
				D99838FF2932421E00D9AAA9 /* Suggest */,
				D99838FA2932412500D9AAA9 /* BestOffer */,
			);
			path = Cell;
			sourceTree = "<group>";
		};
		D99838FA2932412500D9AAA9 /* BestOffer */ = {
			isa = PBXGroup;
			children = (
				D99838FB293241E100D9AAA9 /* BestOfferCollectionViewCell.swift */,
				D99838FC293241E100D9AAA9 /* BestOfferCollectionViewCell.xib */,
			);
			path = BestOffer;
			sourceTree = "<group>";
		};
		D99838FF2932421E00D9AAA9 /* Suggest */ = {
			isa = PBXGroup;
			children = (
				D99839002932423A00D9AAA9 /* SuggestCollectionViewCell.swift */,
				D99839012932423A00D9AAA9 /* SuggestCollectionViewCell.xib */,
			);
			path = Suggest;
			sourceTree = "<group>";
		};
		D9983904293245B600D9AAA9 /* Extensions */ = {
			isa = PBXGroup;
			children = (
				D9983905293245C400D9AAA9 /* UICollectionView+RegisterCell.swift */,
				D99839072932461900D9AAA9 /* UICollectionViewCell.swift */,
			);
			path = Extensions;
			sourceTree = "<group>";
		};
		D998390929325A4800D9AAA9 /* Travel */ = {
			isa = PBXGroup;
			children = (
				D998390A29325AE000D9AAA9 /* TravelCollectionViewCell.swift */,
				D998390B29325AE000D9AAA9 /* TravelCollectionViewCell.xib */,
			);
			path = Travel;
			sourceTree = "<group>";
		};
		D99AAABE292E55F200D285DE = {
			isa = PBXGroup;
			children = (
				D99AAAC9292E55F200D285DE /* Proxumer */,
				D99AAAC8292E55F200D285DE /* Products */,
			);
			sourceTree = "<group>";
		};
		D99AAAC8292E55F200D285DE /* Products */ = {
			isa = PBXGroup;
			children = (
				D99AAAC7292E55F200D285DE /* Proxumer.app */,
			);
			name = Products;
			sourceTree = "<group>";
		};
		D99AAAC9292E55F200D285DE /* Proxumer */ = {
			isa = PBXGroup;
			children = (
				D9983904293245B600D9AAA9 /* Extensions */,
				D99D800F29320A790065079F /* Helper */,
				D99D8004293204610065079F /* Utils */,
				D99D7FD02931F69C0065079F /* Fonts */,
				D9ABA412292E6873002619A1 /* Base */,
				D9ABA3BB292E6504002619A1 /* Scence */,
				D99AAACA292E55F200D285DE /* AppDelegate.swift */,
				D99AAACC292E55F200D285DE /* SceneDelegate.swift */,
				D99AAACE292E55F200D285DE /* ViewController.swift */,
				D99AAAD3292E55F400D285DE /* Assets.xcassets */,
				D99AAAD5292E55F400D285DE /* LaunchScreen.storyboard */,
				D99AAAD8292E55F400D285DE /* Info.plist */,
			);
			path = Proxumer;
			sourceTree = "<group>";
		};
		D99D7FB22931F1490065079F /* Home */ = {
			isa = PBXGroup;
			children = (
				D99838F9293240F200D9AAA9 /* Cell */,
				D99D7FB32931F16C0065079F /* HomePresenter.swift */,
				D99D7FB42931F16C0065079F /* HomeWorker.swift */,
				D99D7FB52931F16C0065079F /* HomeRouter.swift */,
				D99D7FB62931F16C0065079F /* HomeModels.swift */,
				D99D7FB72931F16C0065079F /* HomeViewController.swift */,
				D99D7FB82931F16C0065079F /* HomeInteractor.swift */,
				D99D7FBF2931F1C80065079F /* Home.storyboard */,
			);
			path = Home;
			sourceTree = "<group>";
		};
		D99D7FC12931F3280065079F /* Blank */ = {
			isa = PBXGroup;
			children = (
				D99D7FC22931F3900065079F /* BlankPresenter.swift */,
				D99D7FC32931F3900065079F /* BlankWorker.swift */,
				D99D7FC42931F3900065079F /* BlankRouter.swift */,
				D99D7FC52931F3900065079F /* BlankModels.swift */,
				D99D7FC62931F3900065079F /* BlankViewController.swift */,
				D99D7FC72931F3900065079F /* BlankInteractor.swift */,
				D99D7FCE2931F39A0065079F /* Blank.storyboard */,
			);
			path = Blank;
			sourceTree = "<group>";
		};
		D99D7FD02931F69C0065079F /* Fonts */ = {
			isa = PBXGroup;
			children = (
				D99D7FD12931F69C0065079F /* Kanit-ExtraLight.ttf */,
				D99D7FD22931F69C0065079F /* Kanit-ThinItalic.ttf */,
				D99D7FD32931F69C0065079F /* Kanit-BoldItalic.ttf */,
				D99D7FD42931F69C0065079F /* Kanit-SemiBold.ttf */,
				D99D7FD52931F69C0065079F /* Kanit-Black.ttf */,
				D99D7FD62931F69C0065079F /* Kanit-Regular.ttf */,
				D99D7FD72931F69C0065079F /* Kanit-Italic.ttf */,
				D99D7FD82931F69C0065079F /* Kanit-MediumItalic.ttf */,
				D99D7FD92931F69C0065079F /* Kanit-Thin.ttf */,
				D99D7FDA2931F69C0065079F /* Kanit-ExtraBoldItalic.ttf */,
				D99D7FDB2931F69C0065079F /* Kanit-ExtraBold.ttf */,
				D99D7FDC2931F69C0065079F /* Kanit-Bold.ttf */,
				D99D7FDD2931F69C0065079F /* Kanit-SemiBoldItalic.ttf */,
				D99D7FDE2931F69C0065079F /* Kanit-BlackItalic.ttf */,
				D99D7FDF2931F69C0065079F /* Kanit-Light.ttf */,
				D99D7FE02931F69C0065079F /* Kanit-LightItalic.ttf */,
				D99D7FE12931F69C0065079F /* Kanit-ExtraLightItalic.ttf */,
				D99D7FE22931F69C0065079F /* Kanit-Medium.ttf */,
			);
			path = Fonts;
			sourceTree = "<group>";
		};
		D99D7FF52931F8D70065079F /* Achievement */ = {
			isa = PBXGroup;
			children = (
				D9EAE97229334E7300059230 /* Cell */,
				D99D7FF62931F8FC0065079F /* AchievementPresenter.swift */,
				D99D7FF72931F8FC0065079F /* AchievementWorker.swift */,
				D99D7FF82931F8FC0065079F /* AchievementRouter.swift */,
				D99D7FF92931F8FC0065079F /* AchievementModels.swift */,
				D99D7FFA2931F8FC0065079F /* AchievementViewController.swift */,
				D99D7FFB2931F8FC0065079F /* AchievementInteractor.swift */,
				D99D80022931F9100065079F /* Achievement.storyboard */,
			);
			path = Achievement;
			sourceTree = "<group>";
		};
		D99D8004293204610065079F /* Utils */ = {
			isa = PBXGroup;
			children = (
				D99D8006293204720065079F /* DeviceAutosizeButton.swift */,
				D99D8007293204720065079F /* DeviceAutosizeLabel.swift */,
				D99D8005293204710065079F /* DeviceAutosizeTextField.swift */,
				D99D800D29320A5C0065079F /* DeviceSize.swift */,
			);
			path = Utils;
			sourceTree = "<group>";
		};
		D99D800F29320A790065079F /* Helper */ = {
			isa = PBXGroup;
			children = (
				D99D801029320A8C0065079F /* HyperLabelPresenter.swift */,
				D99D801529320A8D0065079F /* HyperLabelProtocol.swift */,
				D99D801329320A8C0065079F /* HyperLabelTextStyler.swift */,
				D99D801129320A8C0065079F /* LinkAccessibilityElement.swift */,
				D99D801229320A8C0065079F /* RangeMap.swift */,
				D99D801429320A8D0065079F /* TextContainerData.swift */,
				D99D801629320A8D0065079F /* TextLayoutInfoProvider.swift */,
			);
			path = Helper;
			sourceTree = "<group>";
		};
		D9ABA3BB292E6504002619A1 /* Scence */ = {
			isa = PBXGroup;
			children = (
				D9EAE978293356BC00059230 /* Goal */,
				D99D7FF52931F8D70065079F /* Achievement */,
				D99D7FC12931F3280065079F /* Blank */,
				D99D7FB22931F1490065079F /* Home */,
				D9ABA439292E6C3B002619A1 /* Splash */,
				D9ABA3C1292E6715002619A1 /* Extensions */,
				D9ABA3BC292E66AB002619A1 /* MainTabBar */,
			);
			path = Scence;
			sourceTree = "<group>";
		};
		D9ABA3BC292E66AB002619A1 /* MainTabBar */ = {
			isa = PBXGroup;
			children = (
				D9ABA3BE292E66F2002619A1 /* MainTabBar.storyboard */,
				D9ABA3BD292E66F2002619A1 /* MainTabBarViewController.swift */,
			);
			path = MainTabBar;
			sourceTree = "<group>";
		};
		D9ABA3C1292E6715002619A1 /* Extensions */ = {
			isa = PBXGroup;
			children = (
				D9ABA44A292E7738002619A1 /* UINavigationController.swift */,
				D9ABA448292E7701002619A1 /* ViewExtension.swift */,
				D9ABA410292E6780002619A1 /* UIFont+Kanit.swift */,
			);
			path = Extensions;
			sourceTree = "<group>";
		};
		D9ABA412292E6873002619A1 /* Base */ = {
			isa = PBXGroup;
			children = (
				D9ABA422292E6873002619A1 /* Scene */,
			);
			path = Base;
			sourceTree = "<group>";
		};
		D9ABA422292E6873002619A1 /* Scene */ = {
			isa = PBXGroup;
			children = (
				D9ABA423292E6873002619A1 /* BaseViewController.swift */,
				D9ABA424292E6873002619A1 /* BaseInteractor.swift */,
				D9ABA425292E6873002619A1 /* BaseWorker.swift */,
				D9ABA426292E6873002619A1 /* BasePresenter.swift */,
				D9ABA427292E6873002619A1 /* BaseRouter.swift */,
				D9ABA428292E6873002619A1 /* BaseViewModels.swift */,
			);
			path = Scene;
			sourceTree = "<group>";
		};
		D9ABA439292E6C3B002619A1 /* Splash */ = {
			isa = PBXGroup;
			children = (
				D9ABA43A292E6C6D002619A1 /* SplashPresenter.swift */,
				D9ABA43B292E6C6D002619A1 /* SplashWorker.swift */,
				D9ABA43C292E6C6D002619A1 /* SplashRouter.swift */,
				D9ABA43D292E6C6D002619A1 /* SplashModels.swift */,
				D9ABA43E292E6C6D002619A1 /* SplashViewController.swift */,
				D9ABA43F292E6C6D002619A1 /* SplashInteractor.swift */,
				D9ABA446292E6C81002619A1 /* Splash.storyboard */,
			);
			path = Splash;
			sourceTree = "<group>";
		};
		D9EAE97229334E7300059230 /* Cell */ = {
			isa = PBXGroup;
			children = (
				D9EAE97329334E9400059230 /* AchievementCollectionViewCell.swift */,
				D9EAE97429334E9400059230 /* AchievementCollectionViewCell.xib */,
			);
			path = Cell;
			sourceTree = "<group>";
		};
		D9EAE978293356BC00059230 /* Goal */ = {
			isa = PBXGroup;
			children = (
				D9EAE9872933B02000059230 /* Cell */,
				D9EAE979293356EA00059230 /* GoalPresenter.swift */,
				D9EAE97A293356EA00059230 /* GoalWorker.swift */,
				D9EAE97B293356EA00059230 /* GoalRouter.swift */,
				D9EAE97C293356EA00059230 /* GoalModels.swift */,
				D9EAE97D293356EA00059230 /* GoalViewController.swift */,
				D9EAE97E293356EA00059230 /* GoalInteractor.swift */,
				D9EAE985293356F400059230 /* Goal.storyboard */,
			);
			path = Goal;
			sourceTree = "<group>";
		};
		D9EAE9872933B02000059230 /* Cell */ = {
			isa = PBXGroup;
			children = (
				D9EAE9882933B03500059230 /* GoalCollectionViewCell.swift */,
				D9EAE9892933B03500059230 /* GoalCollectionViewCell.xib */,
			);
			path = Cell;
			sourceTree = "<group>";
		};
/* End PBXGroup section */

/* Begin PBXNativeTarget section */
		D99AAAC6292E55F200D285DE /* Proxumer */ = {
			isa = PBXNativeTarget;
			buildConfigurationList = D99AAADB292E55F400D285DE /* Build configuration list for PBXNativeTarget "Proxumer" */;
			buildPhases = (
				D99AAAC3292E55F200D285DE /* Sources */,
				D99AAAC4292E55F200D285DE /* Frameworks */,
				D99AAAC5292E55F200D285DE /* Resources */,
			);
			buildRules = (
			);
			dependencies = (
			);
			name = Proxumer;
			productName = Proxumer;
			productReference = D99AAAC7292E55F200D285DE /* Proxumer.app */;
			productType = "com.apple.product-type.application";
		};
/* End PBXNativeTarget section */

/* Begin PBXProject section */
		D99AAABF292E55F200D285DE /* Project object */ = {
			isa = PBXProject;
			attributes = {
				BuildIndependentTargetsInParallel = 1;
				LastSwiftUpdateCheck = 1340;
				LastUpgradeCheck = 1340;
				TargetAttributes = {
					D99AAAC6292E55F200D285DE = {
						CreatedOnToolsVersion = 13.4.1;
					};
				};
			};
			buildConfigurationList = D99AAAC2292E55F200D285DE /* Build configuration list for PBXProject "Proxumer" */;
			compatibilityVersion = "Xcode 13.0";
			developmentRegion = en;
			hasScannedForEncodings = 0;
			knownRegions = (
				en,
				Base,
			);
			mainGroup = D99AAABE292E55F200D285DE;
			productRefGroup = D99AAAC8292E55F200D285DE /* Products */;
			projectDirPath = "";
			projectRoot = "";
			targets = (
				D99AAAC6292E55F200D285DE /* Proxumer */,
			);
		};
/* End PBXProject section */

/* Begin PBXResourcesBuildPhase section */
		D99AAAC5292E55F200D285DE /* Resources */ = {
			isa = PBXResourcesBuildPhase;
			buildActionMask = 2147483647;
			files = (
				D99D7FE52931F69C0065079F /* Kanit-BoldItalic.ttf in Resources */,
				D99D7FF42931F69C0065079F /* Kanit-Medium.ttf in Resources */,
				D99AAAD7292E55F400D285DE /* LaunchScreen.storyboard in Resources */,
				D99D7FF32931F69C0065079F /* Kanit-ExtraLightItalic.ttf in Resources */,
				D99838FE293241E100D9AAA9 /* BestOfferCollectionViewCell.xib in Resources */,
				D99D7FE92931F69C0065079F /* Kanit-Italic.ttf in Resources */,
				D99D7FEF2931F69C0065079F /* Kanit-SemiBoldItalic.ttf in Resources */,
				D99D80032931F9100065079F /* Achievement.storyboard in Resources */,
				D99D7FF22931F69C0065079F /* Kanit-LightItalic.ttf in Resources */,
				D99D7FEC2931F69C0065079F /* Kanit-ExtraBoldItalic.ttf in Resources */,
				D99D7FC02931F1C80065079F /* Home.storyboard in Resources */,
				D99D7FF12931F69C0065079F /* Kanit-Light.ttf in Resources */,
				D99D7FEA2931F69C0065079F /* Kanit-MediumItalic.ttf in Resources */,
				D9ABA3C0292E66F2002619A1 /* MainTabBar.storyboard in Resources */,
				D99D7FCF2931F39A0065079F /* Blank.storyboard in Resources */,
				D99D7FEE2931F69C0065079F /* Kanit-Bold.ttf in Resources */,
				D99D7FE32931F69C0065079F /* Kanit-ExtraLight.ttf in Resources */,
				D9EAE98B2933B03500059230 /* GoalCollectionViewCell.xib in Resources */,
				D9EAE97629334E9400059230 /* AchievementCollectionViewCell.xib in Resources */,
				D99D7FF02931F69C0065079F /* Kanit-BlackItalic.ttf in Resources */,
				D99D7FE42931F69C0065079F /* Kanit-ThinItalic.ttf in Resources */,
				D99AAAD4292E55F400D285DE /* Assets.xcassets in Resources */,
				D9ABA447292E6C81002619A1 /* Splash.storyboard in Resources */,
				D998390D29325AE000D9AAA9 /* TravelCollectionViewCell.xib in Resources */,
				D99D7FE62931F69C0065079F /* Kanit-SemiBold.ttf in Resources */,
				D99839032932423A00D9AAA9 /* SuggestCollectionViewCell.xib in Resources */,
				D99D7FED2931F69C0065079F /* Kanit-ExtraBold.ttf in Resources */,
				D9EAE97729334F3300059230 /* Kanit-Black.ttf in Resources */,
				D9EAE986293356F400059230 /* Goal.storyboard in Resources */,
				D99D7FE82931F69C0065079F /* Kanit-Regular.ttf in Resources */,
				D99D7FEB2931F69C0065079F /* Kanit-Thin.ttf in Resources */,
			);
			runOnlyForDeploymentPostprocessing = 0;
		};
/* End PBXResourcesBuildPhase section */

/* Begin PBXSourcesBuildPhase section */
		D99AAAC3292E55F200D285DE /* Sources */ = {
			isa = PBXSourcesBuildPhase;
			buildActionMask = 2147483647;
			files = (
				D998390C29325AE000D9AAA9 /* TravelCollectionViewCell.swift in Sources */,
				D99D800A293204720065079F /* DeviceAutosizeLabel.swift in Sources */,
				D99D7FC92931F3900065079F /* BlankWorker.swift in Sources */,
				D9ABA449292E7701002619A1 /* ViewExtension.swift in Sources */,
				D99D7FBA2931F16C0065079F /* HomeWorker.swift in Sources */,
				D99D801D29320A8D0065079F /* TextLayoutInfoProvider.swift in Sources */,
				D9ABA442292E6C6D002619A1 /* SplashRouter.swift in Sources */,
				D99839082932461900D9AAA9 /* UICollectionViewCell.swift in Sources */,
				D9EAE980293356EA00059230 /* GoalWorker.swift in Sources */,
				D9EAE984293356EA00059230 /* GoalInteractor.swift in Sources */,
				D99D801B29320A8D0065079F /* TextContainerData.swift in Sources */,
				D9ABA435292E6873002619A1 /* BaseWorker.swift in Sources */,
				D9EAE98A2933B03500059230 /* GoalCollectionViewCell.swift in Sources */,
				D99D7FCA2931F3900065079F /* BlankRouter.swift in Sources */,
				D99D7FB92931F16C0065079F /* HomePresenter.swift in Sources */,
				D99D800E29320A5C0065079F /* DeviceSize.swift in Sources */,
				D99D7FFD2931F8FC0065079F /* AchievementWorker.swift in Sources */,
				D99D7FBC2931F16C0065079F /* HomeModels.swift in Sources */,
				D99D8008293204720065079F /* DeviceAutosizeTextField.swift in Sources */,
				D9EAE97529334E9400059230 /* AchievementCollectionViewCell.swift in Sources */,
				D99D801C29320A8D0065079F /* HyperLabelProtocol.swift in Sources */,
				D99AAACF292E55F200D285DE /* ViewController.swift in Sources */,
				D99D8009293204720065079F /* DeviceAutosizeButton.swift in Sources */,
				D99D7FFF2931F8FC0065079F /* AchievementModels.swift in Sources */,
				D99D7FCC2931F3900065079F /* BlankViewController.swift in Sources */,
				D9ABA44B292E7738002619A1 /* UINavigationController.swift in Sources */,
				D99D7FBE2931F16C0065079F /* HomeInteractor.swift in Sources */,
				D99D801A29320A8D0065079F /* HyperLabelTextStyler.swift in Sources */,
				D9ABA437292E6873002619A1 /* BaseRouter.swift in Sources */,
				D99D7FCD2931F3900065079F /* BlankInteractor.swift in Sources */,
				D9ABA3BF292E66F2002619A1 /* MainTabBarViewController.swift in Sources */,
				D99839022932423A00D9AAA9 /* SuggestCollectionViewCell.swift in Sources */,
				D9EAE982293356EA00059230 /* GoalModels.swift in Sources */,
				D99AAACB292E55F200D285DE /* AppDelegate.swift in Sources */,
				D99D7FBD2931F16C0065079F /* HomeViewController.swift in Sources */,
				D9ABA436292E6873002619A1 /* BasePresenter.swift in Sources */,
				D99D801929320A8D0065079F /* RangeMap.swift in Sources */,
				D99D801729320A8D0065079F /* HyperLabelPresenter.swift in Sources */,
				D9EAE97F293356EA00059230 /* GoalPresenter.swift in Sources */,
				D9EAE981293356EA00059230 /* GoalRouter.swift in Sources */,
				D9ABA438292E6873002619A1 /* BaseViewModels.swift in Sources */,
				D99D7FFE2931F8FC0065079F /* AchievementRouter.swift in Sources */,
				D99838FD293241E100D9AAA9 /* BestOfferCollectionViewCell.swift in Sources */,
				D9EAE983293356EA00059230 /* GoalViewController.swift in Sources */,
				D99D7FCB2931F3900065079F /* BlankModels.swift in Sources */,
				D9ABA441292E6C6D002619A1 /* SplashWorker.swift in Sources */,
				D9ABA440292E6C6D002619A1 /* SplashPresenter.swift in Sources */,
				D99D7FFC2931F8FC0065079F /* AchievementPresenter.swift in Sources */,
				D9983906293245C400D9AAA9 /* UICollectionView+RegisterCell.swift in Sources */,
				D99D80002931F8FC0065079F /* AchievementViewController.swift in Sources */,
				D99D80012931F8FC0065079F /* AchievementInteractor.swift in Sources */,
				D99D7FC82931F3900065079F /* BlankPresenter.swift in Sources */,
				D9ABA443292E6C6D002619A1 /* SplashModels.swift in Sources */,
				D9ABA444292E6C6D002619A1 /* SplashViewController.swift in Sources */,
				D99AAACD292E55F200D285DE /* SceneDelegate.swift in Sources */,
				D9ABA445292E6C6D002619A1 /* SplashInteractor.swift in Sources */,
				D9ABA433292E6873002619A1 /* BaseViewController.swift in Sources */,
				D9ABA411292E6780002619A1 /* UIFont+Kanit.swift in Sources */,
				D99D801829320A8D0065079F /* LinkAccessibilityElement.swift in Sources */,
				D9ABA434292E6873002619A1 /* BaseInteractor.swift in Sources */,
				D99D7FBB2931F16C0065079F /* HomeRouter.swift in Sources */,
			);
			runOnlyForDeploymentPostprocessing = 0;
		};
/* End PBXSourcesBuildPhase section */

/* Begin PBXVariantGroup section */
		D99AAAD5292E55F400D285DE /* LaunchScreen.storyboard */ = {
			isa = PBXVariantGroup;
			children = (
				D99AAAD6292E55F400D285DE /* Base */,
			);
			name = LaunchScreen.storyboard;
			sourceTree = "<group>";
		};
/* End PBXVariantGroup section */

/* Begin XCBuildConfiguration section */
		D99AAAD9292E55F400D285DE /* Debug */ = {
			isa = XCBuildConfiguration;
			buildSettings = {
				ALWAYS_SEARCH_USER_PATHS = NO;
				CLANG_ANALYZER_NONNULL = YES;
				CLANG_ANALYZER_NUMBER_OBJECT_CONVERSION = YES_AGGRESSIVE;
				CLANG_CXX_LANGUAGE_STANDARD = "gnu++17";
				CLANG_ENABLE_MODULES = YES;
				CLANG_ENABLE_OBJC_ARC = YES;
				CLANG_ENABLE_OBJC_WEAK = YES;
				CLANG_WARN_BLOCK_CAPTURE_AUTORELEASING = YES;
				CLANG_WARN_BOOL_CONVERSION = YES;
				CLANG_WARN_COMMA = YES;
				CLANG_WARN_CONSTANT_CONVERSION = YES;
				CLANG_WARN_DEPRECATED_OBJC_IMPLEMENTATIONS = YES;
				CLANG_WARN_DIRECT_OBJC_ISA_USAGE = YES_ERROR;
				CLANG_WARN_DOCUMENTATION_COMMENTS = YES;
				CLANG_WARN_EMPTY_BODY = YES;
				CLANG_WARN_ENUM_CONVERSION = YES;
				CLANG_WARN_INFINITE_RECURSION = YES;
				CLANG_WARN_INT_CONVERSION = YES;
				CLANG_WARN_NON_LITERAL_NULL_CONVERSION = YES;
				CLANG_WARN_OBJC_IMPLICIT_RETAIN_SELF = YES;
				CLANG_WARN_OBJC_LITERAL_CONVERSION = YES;
				CLANG_WARN_OBJC_ROOT_CLASS = YES_ERROR;
				CLANG_WARN_QUOTED_INCLUDE_IN_FRAMEWORK_HEADER = YES;
				CLANG_WARN_RANGE_LOOP_ANALYSIS = YES;
				CLANG_WARN_STRICT_PROTOTYPES = YES;
				CLANG_WARN_SUSPICIOUS_MOVE = YES;
				CLANG_WARN_UNGUARDED_AVAILABILITY = YES_AGGRESSIVE;
				CLANG_WARN_UNREACHABLE_CODE = YES;
				CLANG_WARN__DUPLICATE_METHOD_MATCH = YES;
				COPY_PHASE_STRIP = NO;
				DEBUG_INFORMATION_FORMAT = dwarf;
				ENABLE_STRICT_OBJC_MSGSEND = YES;
				ENABLE_TESTABILITY = YES;
				GCC_C_LANGUAGE_STANDARD = gnu11;
				GCC_DYNAMIC_NO_PIC = NO;
				GCC_NO_COMMON_BLOCKS = YES;
				GCC_OPTIMIZATION_LEVEL = 0;
				GCC_PREPROCESSOR_DEFINITIONS = (
					"DEBUG=1",
					"$(inherited)",
				);
				GCC_WARN_64_TO_32_BIT_CONVERSION = YES;
				GCC_WARN_ABOUT_RETURN_TYPE = YES_ERROR;
				GCC_WARN_UNDECLARED_SELECTOR = YES;
				GCC_WARN_UNINITIALIZED_AUTOS = YES_AGGRESSIVE;
				GCC_WARN_UNUSED_FUNCTION = YES;
				GCC_WARN_UNUSED_VARIABLE = YES;
				IPHONEOS_DEPLOYMENT_TARGET = 15.5;
				MTL_ENABLE_DEBUG_INFO = INCLUDE_SOURCE;
				MTL_FAST_MATH = YES;
				ONLY_ACTIVE_ARCH = YES;
				SDKROOT = iphoneos;
				SWIFT_ACTIVE_COMPILATION_CONDITIONS = DEBUG;
				SWIFT_OPTIMIZATION_LEVEL = "-Onone";
			};
			name = Debug;
		};
		D99AAADA292E55F400D285DE /* Release */ = {
			isa = XCBuildConfiguration;
			buildSettings = {
				ALWAYS_SEARCH_USER_PATHS = NO;
				CLANG_ANALYZER_NONNULL = YES;
				CLANG_ANALYZER_NUMBER_OBJECT_CONVERSION = YES_AGGRESSIVE;
				CLANG_CXX_LANGUAGE_STANDARD = "gnu++17";
				CLANG_ENABLE_MODULES = YES;
				CLANG_ENABLE_OBJC_ARC = YES;
				CLANG_ENABLE_OBJC_WEAK = YES;
				CLANG_WARN_BLOCK_CAPTURE_AUTORELEASING = YES;
				CLANG_WARN_BOOL_CONVERSION = YES;
				CLANG_WARN_COMMA = YES;
				CLANG_WARN_CONSTANT_CONVERSION = YES;
				CLANG_WARN_DEPRECATED_OBJC_IMPLEMENTATIONS = YES;
				CLANG_WARN_DIRECT_OBJC_ISA_USAGE = YES_ERROR;
				CLANG_WARN_DOCUMENTATION_COMMENTS = YES;
				CLANG_WARN_EMPTY_BODY = YES;
				CLANG_WARN_ENUM_CONVERSION = YES;
				CLANG_WARN_INFINITE_RECURSION = YES;
				CLANG_WARN_INT_CONVERSION = YES;
				CLANG_WARN_NON_LITERAL_NULL_CONVERSION = YES;
				CLANG_WARN_OBJC_IMPLICIT_RETAIN_SELF = YES;
				CLANG_WARN_OBJC_LITERAL_CONVERSION = YES;
				CLANG_WARN_OBJC_ROOT_CLASS = YES_ERROR;
				CLANG_WARN_QUOTED_INCLUDE_IN_FRAMEWORK_HEADER = YES;
				CLANG_WARN_RANGE_LOOP_ANALYSIS = YES;
				CLANG_WARN_STRICT_PROTOTYPES = YES;
				CLANG_WARN_SUSPICIOUS_MOVE = YES;
				CLANG_WARN_UNGUARDED_AVAILABILITY = YES_AGGRESSIVE;
				CLANG_WARN_UNREACHABLE_CODE = YES;
				CLANG_WARN__DUPLICATE_METHOD_MATCH = YES;
				COPY_PHASE_STRIP = NO;
				DEBUG_INFORMATION_FORMAT = "dwarf-with-dsym";
				ENABLE_NS_ASSERTIONS = NO;
				ENABLE_STRICT_OBJC_MSGSEND = YES;
				GCC_C_LANGUAGE_STANDARD = gnu11;
				GCC_NO_COMMON_BLOCKS = YES;
				GCC_WARN_64_TO_32_BIT_CONVERSION = YES;
				GCC_WARN_ABOUT_RETURN_TYPE = YES_ERROR;
				GCC_WARN_UNDECLARED_SELECTOR = YES;
				GCC_WARN_UNINITIALIZED_AUTOS = YES_AGGRESSIVE;
				GCC_WARN_UNUSED_FUNCTION = YES;
				GCC_WARN_UNUSED_VARIABLE = YES;
				IPHONEOS_DEPLOYMENT_TARGET = 15.5;
				MTL_ENABLE_DEBUG_INFO = NO;
				MTL_FAST_MATH = YES;
				SDKROOT = iphoneos;
				SWIFT_COMPILATION_MODE = wholemodule;
				SWIFT_OPTIMIZATION_LEVEL = "-O";
				VALIDATE_PRODUCT = YES;
			};
			name = Release;
		};
		D99AAADC292E55F400D285DE /* Debug */ = {
			isa = XCBuildConfiguration;
			buildSettings = {
				ASSETCATALOG_COMPILER_APPICON_NAME = AppIcon;
				ASSETCATALOG_COMPILER_GLOBAL_ACCENT_COLOR_NAME = AccentColor;
				CODE_SIGN_STYLE = Automatic;
				CURRENT_PROJECT_VERSION = 1;
				DEVELOPMENT_TEAM = S723YCT5MN;
				GENERATE_INFOPLIST_FILE = YES;
				INFOPLIST_FILE = Proxumer/Info.plist;
				INFOPLIST_KEY_UIApplicationSupportsIndirectInputEvents = YES;
				INFOPLIST_KEY_UILaunchStoryboardName = LaunchScreen;
				INFOPLIST_KEY_UISupportedInterfaceOrientations = UIInterfaceOrientationPortrait;
				INFOPLIST_KEY_UISupportedInterfaceOrientations_iPad = "UIInterfaceOrientationPortrait UIInterfaceOrientationPortraitUpsideDown UIInterfaceOrientationLandscapeLeft UIInterfaceOrientationLandscapeRight";
				INFOPLIST_KEY_UISupportedInterfaceOrientations_iPhone = "UIInterfaceOrientationPortrait UIInterfaceOrientationLandscapeLeft UIInterfaceOrientationLandscapeRight";
				LD_RUNPATH_SEARCH_PATHS = (
					"$(inherited)",
					"@executable_path/Frameworks",
				);
				MARKETING_VERSION = 1.0;
				PRODUCT_BUNDLE_IDENTIFIER = Yok.Proxumer;
				PRODUCT_NAME = "$(TARGET_NAME)";
				SWIFT_EMIT_LOC_STRINGS = YES;
				SWIFT_VERSION = 5.0;
				TARGETED_DEVICE_FAMILY = "1,2";
			};
			name = Debug;
		};
		D99AAADD292E55F400D285DE /* Release */ = {
			isa = XCBuildConfiguration;
			buildSettings = {
				ASSETCATALOG_COMPILER_APPICON_NAME = AppIcon;
				ASSETCATALOG_COMPILER_GLOBAL_ACCENT_COLOR_NAME = AccentColor;
				CODE_SIGN_STYLE = Automatic;
				CURRENT_PROJECT_VERSION = 1;
				DEVELOPMENT_TEAM = S723YCT5MN;
				GENERATE_INFOPLIST_FILE = YES;
				INFOPLIST_FILE = Proxumer/Info.plist;
				INFOPLIST_KEY_UIApplicationSupportsIndirectInputEvents = YES;
				INFOPLIST_KEY_UILaunchStoryboardName = LaunchScreen;
				INFOPLIST_KEY_UISupportedInterfaceOrientations = UIInterfaceOrientationPortrait;
				INFOPLIST_KEY_UISupportedInterfaceOrientations_iPad = "UIInterfaceOrientationPortrait UIInterfaceOrientationPortraitUpsideDown UIInterfaceOrientationLandscapeLeft UIInterfaceOrientationLandscapeRight";
				INFOPLIST_KEY_UISupportedInterfaceOrientations_iPhone = "UIInterfaceOrientationPortrait UIInterfaceOrientationLandscapeLeft UIInterfaceOrientationLandscapeRight";
				LD_RUNPATH_SEARCH_PATHS = (
					"$(inherited)",
					"@executable_path/Frameworks",
				);
				MARKETING_VERSION = 1.0;
				PRODUCT_BUNDLE_IDENTIFIER = Yok.Proxumer;
				PRODUCT_NAME = "$(TARGET_NAME)";
				SWIFT_EMIT_LOC_STRINGS = YES;
				SWIFT_VERSION = 5.0;
				TARGETED_DEVICE_FAMILY = "1,2";
			};
			name = Release;
		};
/* End XCBuildConfiguration section */

/* Begin XCConfigurationList section */
		D99AAAC2292E55F200D285DE /* Build configuration list for PBXProject "Proxumer" */ = {
			isa = XCConfigurationList;
			buildConfigurations = (
				D99AAAD9292E55F400D285DE /* Debug */,
				D99AAADA292E55F400D285DE /* Release */,
			);
			defaultConfigurationIsVisible = 0;
			defaultConfigurationName = Release;
		};
		D99AAADB292E55F400D285DE /* Build configuration list for PBXNativeTarget "Proxumer" */ = {
			isa = XCConfigurationList;
			buildConfigurations = (
				D99AAADC292E55F400D285DE /* Debug */,
				D99AAADD292E55F400D285DE /* Release */,
			);
			defaultConfigurationIsVisible = 0;
			defaultConfigurationName = Release;
		};
/* End XCConfigurationList section */
	};
	rootObject = D99AAABF292E55F200D285DE /* Project object */;
}
