// !$*UTF8*$!
{
	archiveVersion = 1;
	classes = {
	};
	objectVersion = 55;
	objects = {

/* Begin PBXBuildFile section */
		D99AAACB292E55F200D285DE /* AppDelegate.swift in Sources */ = {isa = PBXBuildFile; fileRef = D99AAACA292E55F200D285DE /* AppDelegate.swift */; };
		D99AAACD292E55F200D285DE /* SceneDelegate.swift in Sources */ = {isa = PBXBuildFile; fileRef = D99AAACC292E55F200D285DE /* SceneDelegate.swift */; };
		D99AAACF292E55F200D285DE /* ViewController.swift in Sources */ = {isa = PBXBuildFile; fileRef = D99AAACE292E55F200D285DE /* ViewController.swift */; };
		D99AAAD2292E55F200D285DE /* Main.storyboard in Resources */ = {isa = PBXBuildFile; fileRef = D99AAAD0292E55F200D285DE /* Main.storyboard */; };
		D99AAAD4292E55F400D285DE /* Assets.xcassets in Resources */ = {isa = PBXBuildFile; fileRef = D99AAAD3292E55F400D285DE /* Assets.xcassets */; };
		D99AAAD7292E55F400D285DE /* LaunchScreen.storyboard in Resources */ = {isa = PBXBuildFile; fileRef = D99AAAD5292E55F400D285DE /* LaunchScreen.storyboard */; };
		D9ABA3BF292E66F2002619A1 /* MainTabBarViewController.swift in Sources */ = {isa = PBXBuildFile; fileRef = D9ABA3BD292E66F2002619A1 /* MainTabBarViewController.swift */; };
		D9ABA3C0292E66F2002619A1 /* MainTabBar.storyboard in Resources */ = {isa = PBXBuildFile; fileRef = D9ABA3BE292E66F2002619A1 /* MainTabBar.storyboard */; };
		D9ABA411292E6780002619A1 /* UIFont+Kanit.swift in Sources */ = {isa = PBXBuildFile; fileRef = D9ABA410292E6780002619A1 /* UIFont+Kanit.swift */; };
		D9ABA433292E6873002619A1 /* BaseViewController.swift in Sources */ = {isa = PBXBuildFile; fileRef = D9ABA423292E6873002619A1 /* BaseViewController.swift */; };
		D9ABA434292E6873002619A1 /* BaseInteractor.swift in Sources */ = {isa = PBXBuildFile; fileRef = D9ABA424292E6873002619A1 /* BaseInteractor.swift */; };
		D9ABA435292E6873002619A1 /* BaseWorker.swift in Sources */ = {isa = PBXBuildFile; fileRef = D9ABA425292E6873002619A1 /* BaseWorker.swift */; };
		D9ABA436292E6873002619A1 /* BasePresenter.swift in Sources */ = {isa = PBXBuildFile; fileRef = D9ABA426292E6873002619A1 /* BasePresenter.swift */; };
		D9ABA437292E6873002619A1 /* BaseRouter.swift in Sources */ = {isa = PBXBuildFile; fileRef = D9ABA427292E6873002619A1 /* BaseRouter.swift */; };
		D9ABA438292E6873002619A1 /* BaseViewModels.swift in Sources */ = {isa = PBXBuildFile; fileRef = D9ABA428292E6873002619A1 /* BaseViewModels.swift */; };
		D9ABA440292E6C6D002619A1 /* SplashPresenter.swift in Sources */ = {isa = PBXBuildFile; fileRef = D9ABA43A292E6C6D002619A1 /* SplashPresenter.swift */; };
		D9ABA441292E6C6D002619A1 /* SplashWorker.swift in Sources */ = {isa = PBXBuildFile; fileRef = D9ABA43B292E6C6D002619A1 /* SplashWorker.swift */; };
		D9ABA442292E6C6D002619A1 /* SplashRouter.swift in Sources */ = {isa = PBXBuildFile; fileRef = D9ABA43C292E6C6D002619A1 /* SplashRouter.swift */; };
		D9ABA443292E6C6D002619A1 /* SplashModels.swift in Sources */ = {isa = PBXBuildFile; fileRef = D9ABA43D292E6C6D002619A1 /* SplashModels.swift */; };
		D9ABA444292E6C6D002619A1 /* SplashViewController.swift in Sources */ = {isa = PBXBuildFile; fileRef = D9ABA43E292E6C6D002619A1 /* SplashViewController.swift */; };
		D9ABA445292E6C6D002619A1 /* SplashInteractor.swift in Sources */ = {isa = PBXBuildFile; fileRef = D9ABA43F292E6C6D002619A1 /* SplashInteractor.swift */; };
		D9ABA447292E6C81002619A1 /* Splash.storyboard in Resources */ = {isa = PBXBuildFile; fileRef = D9ABA446292E6C81002619A1 /* Splash.storyboard */; };
		D9ABA449292E7701002619A1 /* ViewExtension.swift in Sources */ = {isa = PBXBuildFile; fileRef = D9ABA448292E7701002619A1 /* ViewExtension.swift */; };
		D9ABA44B292E7738002619A1 /* UINavigationController.swift in Sources */ = {isa = PBXBuildFile; fileRef = D9ABA44A292E7738002619A1 /* UINavigationController.swift */; };
/* End PBXBuildFile section */

/* Begin PBXFileReference section */
		D99AAAC7292E55F200D285DE /* Proxumer.app */ = {isa = PBXFileReference; explicitFileType = wrapper.application; includeInIndex = 0; path = Proxumer.app; sourceTree = BUILT_PRODUCTS_DIR; };
		D99AAACA292E55F200D285DE /* AppDelegate.swift */ = {isa = PBXFileReference; lastKnownFileType = sourcecode.swift; path = AppDelegate.swift; sourceTree = "<group>"; };
		D99AAACC292E55F200D285DE /* SceneDelegate.swift */ = {isa = PBXFileReference; lastKnownFileType = sourcecode.swift; path = SceneDelegate.swift; sourceTree = "<group>"; };
		D99AAACE292E55F200D285DE /* ViewController.swift */ = {isa = PBXFileReference; lastKnownFileType = sourcecode.swift; path = ViewController.swift; sourceTree = "<group>"; };
		D99AAAD1292E55F200D285DE /* Base */ = {isa = PBXFileReference; lastKnownFileType = file.storyboard; name = Base; path = Base.lproj/Main.storyboard; sourceTree = "<group>"; };
		D99AAAD3292E55F400D285DE /* Assets.xcassets */ = {isa = PBXFileReference; lastKnownFileType = folder.assetcatalog; path = Assets.xcassets; sourceTree = "<group>"; };
		D99AAAD6292E55F400D285DE /* Base */ = {isa = PBXFileReference; lastKnownFileType = file.storyboard; name = Base; path = Base.lproj/LaunchScreen.storyboard; sourceTree = "<group>"; };
		D99AAAD8292E55F400D285DE /* Info.plist */ = {isa = PBXFileReference; lastKnownFileType = text.plist.xml; path = Info.plist; sourceTree = "<group>"; };
		D9ABA3BD292E66F2002619A1 /* MainTabBarViewController.swift */ = {isa = PBXFileReference; fileEncoding = 4; lastKnownFileType = sourcecode.swift; path = MainTabBarViewController.swift; sourceTree = "<group>"; };
		D9ABA3BE292E66F2002619A1 /* MainTabBar.storyboard */ = {isa = PBXFileReference; fileEncoding = 4; lastKnownFileType = file.storyboard; path = MainTabBar.storyboard; sourceTree = "<group>"; };
		D9ABA410292E6780002619A1 /* UIFont+Kanit.swift */ = {isa = PBXFileReference; fileEncoding = 4; lastKnownFileType = sourcecode.swift; path = "UIFont+Kanit.swift"; sourceTree = "<group>"; };
		D9ABA423292E6873002619A1 /* BaseViewController.swift */ = {isa = PBXFileReference; fileEncoding = 4; lastKnownFileType = sourcecode.swift; path = BaseViewController.swift; sourceTree = "<group>"; };
		D9ABA424292E6873002619A1 /* BaseInteractor.swift */ = {isa = PBXFileReference; fileEncoding = 4; lastKnownFileType = sourcecode.swift; path = BaseInteractor.swift; sourceTree = "<group>"; };
		D9ABA425292E6873002619A1 /* BaseWorker.swift */ = {isa = PBXFileReference; fileEncoding = 4; lastKnownFileType = sourcecode.swift; path = BaseWorker.swift; sourceTree = "<group>"; };
		D9ABA426292E6873002619A1 /* BasePresenter.swift */ = {isa = PBXFileReference; fileEncoding = 4; lastKnownFileType = sourcecode.swift; path = BasePresenter.swift; sourceTree = "<group>"; };
		D9ABA427292E6873002619A1 /* BaseRouter.swift */ = {isa = PBXFileReference; fileEncoding = 4; lastKnownFileType = sourcecode.swift; path = BaseRouter.swift; sourceTree = "<group>"; };
		D9ABA428292E6873002619A1 /* BaseViewModels.swift */ = {isa = PBXFileReference; fileEncoding = 4; lastKnownFileType = sourcecode.swift; path = BaseViewModels.swift; sourceTree = "<group>"; };
		D9ABA43A292E6C6D002619A1 /* SplashPresenter.swift */ = {isa = PBXFileReference; lastKnownFileType = sourcecode.swift; path = SplashPresenter.swift; sourceTree = "<group>"; };
		D9ABA43B292E6C6D002619A1 /* SplashWorker.swift */ = {isa = PBXFileReference; lastKnownFileType = sourcecode.swift; path = SplashWorker.swift; sourceTree = "<group>"; };
		D9ABA43C292E6C6D002619A1 /* SplashRouter.swift */ = {isa = PBXFileReference; lastKnownFileType = sourcecode.swift; path = SplashRouter.swift; sourceTree = "<group>"; };
		D9ABA43D292E6C6D002619A1 /* SplashModels.swift */ = {isa = PBXFileReference; lastKnownFileType = sourcecode.swift; path = SplashModels.swift; sourceTree = "<group>"; };
		D9ABA43E292E6C6D002619A1 /* SplashViewController.swift */ = {isa = PBXFileReference; lastKnownFileType = sourcecode.swift; path = SplashViewController.swift; sourceTree = "<group>"; };
		D9ABA43F292E6C6D002619A1 /* SplashInteractor.swift */ = {isa = PBXFileReference; lastKnownFileType = sourcecode.swift; path = SplashInteractor.swift; sourceTree = "<group>"; };
		D9ABA446292E6C81002619A1 /* Splash.storyboard */ = {isa = PBXFileReference; lastKnownFileType = file.storyboard; path = Splash.storyboard; sourceTree = "<group>"; };
		D9ABA448292E7701002619A1 /* ViewExtension.swift */ = {isa = PBXFileReference; fileEncoding = 4; lastKnownFileType = sourcecode.swift; path = ViewExtension.swift; sourceTree = "<group>"; };
		D9ABA44A292E7738002619A1 /* UINavigationController.swift */ = {isa = PBXFileReference; fileEncoding = 4; lastKnownFileType = sourcecode.swift; path = UINavigationController.swift; sourceTree = "<group>"; };
/* End PBXFileReference section */

/* Begin PBXFrameworksBuildPhase section */
		D99AAAC4292E55F200D285DE /* Frameworks */ = {
			isa = PBXFrameworksBuildPhase;
			buildActionMask = 2147483647;
			files = (
			);
			runOnlyForDeploymentPostprocessing = 0;
		};
/* End PBXFrameworksBuildPhase section */

/* Begin PBXGroup section */
		D99AAABE292E55F200D285DE = {
			isa = PBXGroup;
			children = (
				D99AAAC9292E55F200D285DE /* Proxumer */,
				D99AAAC8292E55F200D285DE /* Products */,
			);
			sourceTree = "<group>";
		};
		D99AAAC8292E55F200D285DE /* Products */ = {
			isa = PBXGroup;
			children = (
				D99AAAC7292E55F200D285DE /* Proxumer.app */,
			);
			name = Products;
			sourceTree = "<group>";
		};
		D99AAAC9292E55F200D285DE /* Proxumer */ = {
			isa = PBXGroup;
			children = (
				D9ABA412292E6873002619A1 /* Base */,
				D9ABA3BB292E6504002619A1 /* Scence */,
				D99AAACA292E55F200D285DE /* AppDelegate.swift */,
				D99AAACC292E55F200D285DE /* SceneDelegate.swift */,
				D99AAACE292E55F200D285DE /* ViewController.swift */,
				D99AAAD0292E55F200D285DE /* Main.storyboard */,
				D99AAAD3292E55F400D285DE /* Assets.xcassets */,
				D99AAAD5292E55F400D285DE /* LaunchScreen.storyboard */,
				D99AAAD8292E55F400D285DE /* Info.plist */,
			);
			path = Proxumer;
			sourceTree = "<group>";
		};
		D9ABA3BB292E6504002619A1 /* Scence */ = {
			isa = PBXGroup;
			children = (
				D9ABA439292E6C3B002619A1 /* Splash */,
				D9ABA3C1292E6715002619A1 /* Extensions */,
				D9ABA3BC292E66AB002619A1 /* MainTabBar */,
			);
			path = Scence;
			sourceTree = "<group>";
		};
		D9ABA3BC292E66AB002619A1 /* MainTabBar */ = {
			isa = PBXGroup;
			children = (
				D9ABA3BE292E66F2002619A1 /* MainTabBar.storyboard */,
				D9ABA3BD292E66F2002619A1 /* MainTabBarViewController.swift */,
			);
			path = MainTabBar;
			sourceTree = "<group>";
		};
		D9ABA3C1292E6715002619A1 /* Extensions */ = {
			isa = PBXGroup;
			children = (
				D9ABA44A292E7738002619A1 /* UINavigationController.swift */,
				D9ABA448292E7701002619A1 /* ViewExtension.swift */,
				D9ABA410292E6780002619A1 /* UIFont+Kanit.swift */,
			);
			path = Extensions;
			sourceTree = "<group>";
		};
		D9ABA412292E6873002619A1 /* Base */ = {
			isa = PBXGroup;
			children = (
				D9ABA422292E6873002619A1 /* Scene */,
			);
			path = Base;
			sourceTree = "<group>";
		};
		D9ABA422292E6873002619A1 /* Scene */ = {
			isa = PBXGroup;
			children = (
				D9ABA423292E6873002619A1 /* BaseViewController.swift */,
				D9ABA424292E6873002619A1 /* BaseInteractor.swift */,
				D9ABA425292E6873002619A1 /* BaseWorker.swift */,
				D9ABA426292E6873002619A1 /* BasePresenter.swift */,
				D9ABA427292E6873002619A1 /* BaseRouter.swift */,
				D9ABA428292E6873002619A1 /* BaseViewModels.swift */,
			);
			path = Scene;
			sourceTree = "<group>";
		};
		D9ABA439292E6C3B002619A1 /* Splash */ = {
			isa = PBXGroup;
			children = (
				D9ABA43A292E6C6D002619A1 /* SplashPresenter.swift */,
				D9ABA43B292E6C6D002619A1 /* SplashWorker.swift */,
				D9ABA43C292E6C6D002619A1 /* SplashRouter.swift */,
				D9ABA43D292E6C6D002619A1 /* SplashModels.swift */,
				D9ABA43E292E6C6D002619A1 /* SplashViewController.swift */,
				D9ABA43F292E6C6D002619A1 /* SplashInteractor.swift */,
				D9ABA446292E6C81002619A1 /* Splash.storyboard */,
			);
			path = Splash;
			sourceTree = "<group>";
		};
/* End PBXGroup section */

/* Begin PBXNativeTarget section */
		D99AAAC6292E55F200D285DE /* Proxumer */ = {
			isa = PBXNativeTarget;
			buildConfigurationList = D99AAADB292E55F400D285DE /* Build configuration list for PBXNativeTarget "Proxumer" */;
			buildPhases = (
				D99AAAC3292E55F200D285DE /* Sources */,
				D99AAAC4292E55F200D285DE /* Frameworks */,
				D99AAAC5292E55F200D285DE /* Resources */,
			);
			buildRules = (
			);
			dependencies = (
			);
			name = Proxumer;
			productName = Proxumer;
			productReference = D99AAAC7292E55F200D285DE /* Proxumer.app */;
			productType = "com.apple.product-type.application";
		};
/* End PBXNativeTarget section */

/* Begin PBXProject section */
		D99AAABF292E55F200D285DE /* Project object */ = {
			isa = PBXProject;
			attributes = {
				BuildIndependentTargetsInParallel = 1;
				LastSwiftUpdateCheck = 1340;
				LastUpgradeCheck = 1340;
				TargetAttributes = {
					D99AAAC6292E55F200D285DE = {
						CreatedOnToolsVersion = 13.4.1;
					};
				};
			};
			buildConfigurationList = D99AAAC2292E55F200D285DE /* Build configuration list for PBXProject "Proxumer" */;
			compatibilityVersion = "Xcode 13.0";
			developmentRegion = en;
			hasScannedForEncodings = 0;
			knownRegions = (
				en,
				Base,
			);
			mainGroup = D99AAABE292E55F200D285DE;
			productRefGroup = D99AAAC8292E55F200D285DE /* Products */;
			projectDirPath = "";
			projectRoot = "";
			targets = (
				D99AAAC6292E55F200D285DE /* Proxumer */,
			);
		};
/* End PBXProject section */

/* Begin PBXResourcesBuildPhase section */
		D99AAAC5292E55F200D285DE /* Resources */ = {
			isa = PBXResourcesBuildPhase;
			buildActionMask = 2147483647;
			files = (
				D99AAAD7292E55F400D285DE /* LaunchScreen.storyboard in Resources */,
				D9ABA3C0292E66F2002619A1 /* MainTabBar.storyboard in Resources */,
				D99AAAD4292E55F400D285DE /* Assets.xcassets in Resources */,
				D9ABA447292E6C81002619A1 /* Splash.storyboard in Resources */,
				D99AAAD2292E55F200D285DE /* Main.storyboard in Resources */,
			);
			runOnlyForDeploymentPostprocessing = 0;
		};
/* End PBXResourcesBuildPhase section */

/* Begin PBXSourcesBuildPhase section */
		D99AAAC3292E55F200D285DE /* Sources */ = {
			isa = PBXSourcesBuildPhase;
			buildActionMask = 2147483647;
			files = (
				D9ABA449292E7701002619A1 /* ViewExtension.swift in Sources */,
				D9ABA442292E6C6D002619A1 /* SplashRouter.swift in Sources */,
				D9ABA435292E6873002619A1 /* BaseWorker.swift in Sources */,
				D99AAACF292E55F200D285DE /* ViewController.swift in Sources */,
				D9ABA44B292E7738002619A1 /* UINavigationController.swift in Sources */,
				D9ABA437292E6873002619A1 /* BaseRouter.swift in Sources */,
				D9ABA3BF292E66F2002619A1 /* MainTabBarViewController.swift in Sources */,
				D99AAACB292E55F200D285DE /* AppDelegate.swift in Sources */,
				D9ABA436292E6873002619A1 /* BasePresenter.swift in Sources */,
				D9ABA438292E6873002619A1 /* BaseViewModels.swift in Sources */,
				D9ABA441292E6C6D002619A1 /* SplashWorker.swift in Sources */,
				D9ABA440292E6C6D002619A1 /* SplashPresenter.swift in Sources */,
				D9ABA443292E6C6D002619A1 /* SplashModels.swift in Sources */,
				D9ABA444292E6C6D002619A1 /* SplashViewController.swift in Sources */,
				D99AAACD292E55F200D285DE /* SceneDelegate.swift in Sources */,
				D9ABA445292E6C6D002619A1 /* SplashInteractor.swift in Sources */,
				D9ABA433292E6873002619A1 /* BaseViewController.swift in Sources */,
				D9ABA411292E6780002619A1 /* UIFont+Kanit.swift in Sources */,
				D9ABA434292E6873002619A1 /* BaseInteractor.swift in Sources */,
			);
			runOnlyForDeploymentPostprocessing = 0;
		};
/* End PBXSourcesBuildPhase section */

/* Begin PBXVariantGroup section */
		D99AAAD0292E55F200D285DE /* Main.storyboard */ = {
			isa = PBXVariantGroup;
			children = (
				D99AAAD1292E55F200D285DE /* Base */,
			);
			name = Main.storyboard;
			sourceTree = "<group>";
		};
		D99AAAD5292E55F400D285DE /* LaunchScreen.storyboard */ = {
			isa = PBXVariantGroup;
			children = (
				D99AAAD6292E55F400D285DE /* Base */,
			);
			name = LaunchScreen.storyboard;
			sourceTree = "<group>";
		};
/* End PBXVariantGroup section */

/* Begin XCBuildConfiguration section */
		D99AAAD9292E55F400D285DE /* Debug */ = {
			isa = XCBuildConfiguration;
			buildSettings = {
				ALWAYS_SEARCH_USER_PATHS = NO;
				CLANG_ANALYZER_NONNULL = YES;
				CLANG_ANALYZER_NUMBER_OBJECT_CONVERSION = YES_AGGRESSIVE;
				CLANG_CXX_LANGUAGE_STANDARD = "gnu++17";
				CLANG_ENABLE_MODULES = YES;
				CLANG_ENABLE_OBJC_ARC = YES;
				CLANG_ENABLE_OBJC_WEAK = YES;
				CLANG_WARN_BLOCK_CAPTURE_AUTORELEASING = YES;
				CLANG_WARN_BOOL_CONVERSION = YES;
				CLANG_WARN_COMMA = YES;
				CLANG_WARN_CONSTANT_CONVERSION = YES;
				CLANG_WARN_DEPRECATED_OBJC_IMPLEMENTATIONS = YES;
				CLANG_WARN_DIRECT_OBJC_ISA_USAGE = YES_ERROR;
				CLANG_WARN_DOCUMENTATION_COMMENTS = YES;
				CLANG_WARN_EMPTY_BODY = YES;
				CLANG_WARN_ENUM_CONVERSION = YES;
				CLANG_WARN_INFINITE_RECURSION = YES;
				CLANG_WARN_INT_CONVERSION = YES;
				CLANG_WARN_NON_LITERAL_NULL_CONVERSION = YES;
				CLANG_WARN_OBJC_IMPLICIT_RETAIN_SELF = YES;
				CLANG_WARN_OBJC_LITERAL_CONVERSION = YES;
				CLANG_WARN_OBJC_ROOT_CLASS = YES_ERROR;
				CLANG_WARN_QUOTED_INCLUDE_IN_FRAMEWORK_HEADER = YES;
				CLANG_WARN_RANGE_LOOP_ANALYSIS = YES;
				CLANG_WARN_STRICT_PROTOTYPES = YES;
				CLANG_WARN_SUSPICIOUS_MOVE = YES;
				CLANG_WARN_UNGUARDED_AVAILABILITY = YES_AGGRESSIVE;
				CLANG_WARN_UNREACHABLE_CODE = YES;
				CLANG_WARN__DUPLICATE_METHOD_MATCH = YES;
				COPY_PHASE_STRIP = NO;
				DEBUG_INFORMATION_FORMAT = dwarf;
				ENABLE_STRICT_OBJC_MSGSEND = YES;
				ENABLE_TESTABILITY = YES;
				GCC_C_LANGUAGE_STANDARD = gnu11;
				GCC_DYNAMIC_NO_PIC = NO;
				GCC_NO_COMMON_BLOCKS = YES;
				GCC_OPTIMIZATION_LEVEL = 0;
				GCC_PREPROCESSOR_DEFINITIONS = (
					"DEBUG=1",
					"$(inherited)",
				);
				GCC_WARN_64_TO_32_BIT_CONVERSION = YES;
				GCC_WARN_ABOUT_RETURN_TYPE = YES_ERROR;
				GCC_WARN_UNDECLARED_SELECTOR = YES;
				GCC_WARN_UNINITIALIZED_AUTOS = YES_AGGRESSIVE;
				GCC_WARN_UNUSED_FUNCTION = YES;
				GCC_WARN_UNUSED_VARIABLE = YES;
				IPHONEOS_DEPLOYMENT_TARGET = 15.5;
				MTL_ENABLE_DEBUG_INFO = INCLUDE_SOURCE;
				MTL_FAST_MATH = YES;
				ONLY_ACTIVE_ARCH = YES;
				SDKROOT = iphoneos;
				SWIFT_ACTIVE_COMPILATION_CONDITIONS = DEBUG;
				SWIFT_OPTIMIZATION_LEVEL = "-Onone";
			};
			name = Debug;
		};
		D99AAADA292E55F400D285DE /* Release */ = {
			isa = XCBuildConfiguration;
			buildSettings = {
				ALWAYS_SEARCH_USER_PATHS = NO;
				CLANG_ANALYZER_NONNULL = YES;
				CLANG_ANALYZER_NUMBER_OBJECT_CONVERSION = YES_AGGRESSIVE;
				CLANG_CXX_LANGUAGE_STANDARD = "gnu++17";
				CLANG_ENABLE_MODULES = YES;
				CLANG_ENABLE_OBJC_ARC = YES;
				CLANG_ENABLE_OBJC_WEAK = YES;
				CLANG_WARN_BLOCK_CAPTURE_AUTORELEASING = YES;
				CLANG_WARN_BOOL_CONVERSION = YES;
				CLANG_WARN_COMMA = YES;
				CLANG_WARN_CONSTANT_CONVERSION = YES;
				CLANG_WARN_DEPRECATED_OBJC_IMPLEMENTATIONS = YES;
				CLANG_WARN_DIRECT_OBJC_ISA_USAGE = YES_ERROR;
				CLANG_WARN_DOCUMENTATION_COMMENTS = YES;
				CLANG_WARN_EMPTY_BODY = YES;
				CLANG_WARN_ENUM_CONVERSION = YES;
				CLANG_WARN_INFINITE_RECURSION = YES;
				CLANG_WARN_INT_CONVERSION = YES;
				CLANG_WARN_NON_LITERAL_NULL_CONVERSION = YES;
				CLANG_WARN_OBJC_IMPLICIT_RETAIN_SELF = YES;
				CLANG_WARN_OBJC_LITERAL_CONVERSION = YES;
				CLANG_WARN_OBJC_ROOT_CLASS = YES_ERROR;
				CLANG_WARN_QUOTED_INCLUDE_IN_FRAMEWORK_HEADER = YES;
				CLANG_WARN_RANGE_LOOP_ANALYSIS = YES;
				CLANG_WARN_STRICT_PROTOTYPES = YES;
				CLANG_WARN_SUSPICIOUS_MOVE = YES;
				CLANG_WARN_UNGUARDED_AVAILABILITY = YES_AGGRESSIVE;
				CLANG_WARN_UNREACHABLE_CODE = YES;
				CLANG_WARN__DUPLICATE_METHOD_MATCH = YES;
				COPY_PHASE_STRIP = NO;
				DEBUG_INFORMATION_FORMAT = "dwarf-with-dsym";
				ENABLE_NS_ASSERTIONS = NO;
				ENABLE_STRICT_OBJC_MSGSEND = YES;
				GCC_C_LANGUAGE_STANDARD = gnu11;
				GCC_NO_COMMON_BLOCKS = YES;
				GCC_WARN_64_TO_32_BIT_CONVERSION = YES;
				GCC_WARN_ABOUT_RETURN_TYPE = YES_ERROR;
				GCC_WARN_UNDECLARED_SELECTOR = YES;
				GCC_WARN_UNINITIALIZED_AUTOS = YES_AGGRESSIVE;
				GCC_WARN_UNUSED_FUNCTION = YES;
				GCC_WARN_UNUSED_VARIABLE = YES;
				IPHONEOS_DEPLOYMENT_TARGET = 15.5;
				MTL_ENABLE_DEBUG_INFO = NO;
				MTL_FAST_MATH = YES;
				SDKROOT = iphoneos;
				SWIFT_COMPILATION_MODE = wholemodule;
				SWIFT_OPTIMIZATION_LEVEL = "-O";
				VALIDATE_PRODUCT = YES;
			};
			name = Release;
		};
		D99AAADC292E55F400D285DE /* Debug */ = {
			isa = XCBuildConfiguration;
			buildSettings = {
				ASSETCATALOG_COMPILER_APPICON_NAME = AppIcon;
				ASSETCATALOG_COMPILER_GLOBAL_ACCENT_COLOR_NAME = AccentColor;
				CODE_SIGN_STYLE = Automatic;
				CURRENT_PROJECT_VERSION = 1;
				DEVELOPMENT_TEAM = S723YCT5MN;
				GENERATE_INFOPLIST_FILE = YES;
				INFOPLIST_FILE = Proxumer/Info.plist;
				INFOPLIST_KEY_UIApplicationSupportsIndirectInputEvents = YES;
				INFOPLIST_KEY_UILaunchStoryboardName = LaunchScreen;
				INFOPLIST_KEY_UISupportedInterfaceOrientations = UIInterfaceOrientationPortrait;
				INFOPLIST_KEY_UISupportedInterfaceOrientations_iPad = "UIInterfaceOrientationPortrait UIInterfaceOrientationPortraitUpsideDown UIInterfaceOrientationLandscapeLeft UIInterfaceOrientationLandscapeRight";
				INFOPLIST_KEY_UISupportedInterfaceOrientations_iPhone = "UIInterfaceOrientationPortrait UIInterfaceOrientationLandscapeLeft UIInterfaceOrientationLandscapeRight";
				LD_RUNPATH_SEARCH_PATHS = (
					"$(inherited)",
					"@executable_path/Frameworks",
				);
				MARKETING_VERSION = 1.0;
				PRODUCT_BUNDLE_IDENTIFIER = Yok.Proxumer;
				PRODUCT_NAME = "$(TARGET_NAME)";
				SWIFT_EMIT_LOC_STRINGS = YES;
				SWIFT_VERSION = 5.0;
				TARGETED_DEVICE_FAMILY = "1,2";
			};
			name = Debug;
		};
		D99AAADD292E55F400D285DE /* Release */ = {
			isa = XCBuildConfiguration;
			buildSettings = {
				ASSETCATALOG_COMPILER_APPICON_NAME = AppIcon;
				ASSETCATALOG_COMPILER_GLOBAL_ACCENT_COLOR_NAME = AccentColor;
				CODE_SIGN_STYLE = Automatic;
				CURRENT_PROJECT_VERSION = 1;
				DEVELOPMENT_TEAM = S723YCT5MN;
				GENERATE_INFOPLIST_FILE = YES;
				INFOPLIST_FILE = Proxumer/Info.plist;
				INFOPLIST_KEY_UIApplicationSupportsIndirectInputEvents = YES;
				INFOPLIST_KEY_UILaunchStoryboardName = LaunchScreen;
				INFOPLIST_KEY_UISupportedInterfaceOrientations = UIInterfaceOrientationPortrait;
				INFOPLIST_KEY_UISupportedInterfaceOrientations_iPad = "UIInterfaceOrientationPortrait UIInterfaceOrientationPortraitUpsideDown UIInterfaceOrientationLandscapeLeft UIInterfaceOrientationLandscapeRight";
				INFOPLIST_KEY_UISupportedInterfaceOrientations_iPhone = "UIInterfaceOrientationPortrait UIInterfaceOrientationLandscapeLeft UIInterfaceOrientationLandscapeRight";
				LD_RUNPATH_SEARCH_PATHS = (
					"$(inherited)",
					"@executable_path/Frameworks",
				);
				MARKETING_VERSION = 1.0;
				PRODUCT_BUNDLE_IDENTIFIER = Yok.Proxumer;
				PRODUCT_NAME = "$(TARGET_NAME)";
				SWIFT_EMIT_LOC_STRINGS = YES;
				SWIFT_VERSION = 5.0;
				TARGETED_DEVICE_FAMILY = "1,2";
			};
			name = Release;
		};
/* End XCBuildConfiguration section */

/* Begin XCConfigurationList section */
		D99AAAC2292E55F200D285DE /* Build configuration list for PBXProject "Proxumer" */ = {
			isa = XCConfigurationList;
			buildConfigurations = (
				D99AAAD9292E55F400D285DE /* Debug */,
				D99AAADA292E55F400D285DE /* Release */,
			);
			defaultConfigurationIsVisible = 0;
			defaultConfigurationName = Release;
		};
		D99AAADB292E55F400D285DE /* Build configuration list for PBXNativeTarget "Proxumer" */ = {
			isa = XCConfigurationList;
			buildConfigurations = (
				D99AAADC292E55F400D285DE /* Debug */,
				D99AAADD292E55F400D285DE /* Release */,
			);
			defaultConfigurationIsVisible = 0;
			defaultConfigurationName = Release;
		};
/* End XCConfigurationList section */
	};
	rootObject = D99AAABF292E55F200D285DE /* Project object */;
}
